// !$*UTF8*$!
{
	archiveVersion = 1;
	classes = {
	};
	objectVersion = 55;
	objects = {

/* Begin PBXBuildFile section */
		705EAB322C64EBB000BE7DE1 /* 1_two_sum.swift in Sources */ = {isa = PBXBuildFile; fileRef = 705EAAB02C64EBB000BE7DE1 /* 1_two_sum.swift */; };
		705EAB332C64EBB000BE7DE1 /* 2_add_two_numbers.swift in Sources */ = {isa = PBXBuildFile; fileRef = 705EAAB12C64EBB000BE7DE1 /* 2_add_two_numbers.swift */; };
		705EAB342C64EBB000BE7DE1 /* 3_longest_substring.swift in Sources */ = {isa = PBXBuildFile; fileRef = 705EAAB22C64EBB000BE7DE1 /* 3_longest_substring.swift */; };
		705EAB352C64EBB000BE7DE1 /* 11_container_wth_most_water.swift in Sources */ = {isa = PBXBuildFile; fileRef = 705EAAB32C64EBB000BE7DE1 /* 11_container_wth_most_water.swift */; };
		705EAB362C64EBB000BE7DE1 /* 13_roman_to_int.swift in Sources */ = {isa = PBXBuildFile; fileRef = 705EAAB42C64EBB000BE7DE1 /* 13_roman_to_int.swift */; };
		705EAB372C64EBB000BE7DE1 /* 14_trie_tree.swift in Sources */ = {isa = PBXBuildFile; fileRef = 705EAAB52C64EBB000BE7DE1 /* 14_trie_tree.swift */; };
		705EAB382C64EBB000BE7DE1 /* 15_3_sum.swift in Sources */ = {isa = PBXBuildFile; fileRef = 705EAAB62C64EBB000BE7DE1 /* 15_3_sum.swift */; };
		705EAB392C64EBB000BE7DE1 /* 19_remove_n_node_from_the_end.swift in Sources */ = {isa = PBXBuildFile; fileRef = 705EAAB72C64EBB000BE7DE1 /* 19_remove_n_node_from_the_end.swift */; };
		705EAB3A2C64EBB000BE7DE1 /* 20_valid_parentheses.swift in Sources */ = {isa = PBXBuildFile; fileRef = 705EAAB82C64EBB000BE7DE1 /* 20_valid_parentheses.swift */; };
		705EAB3B2C64EBB000BE7DE1 /* 21_merge_two_sorted_linked_list.swift in Sources */ = {isa = PBXBuildFile; fileRef = 705EAAB92C64EBB000BE7DE1 /* 21_merge_two_sorted_linked_list.swift */; };
		705EAB3C2C64EBB000BE7DE1 /* 22_generate_parentheses.swift in Sources */ = {isa = PBXBuildFile; fileRef = 705EAABA2C64EBB000BE7DE1 /* 22_generate_parentheses.swift */; };
		705EAB3D2C64EBB000BE7DE1 /* 23_merge_k_sorted_linked_list.swift in Sources */ = {isa = PBXBuildFile; fileRef = 705EAABB2C64EBB000BE7DE1 /* 23_merge_k_sorted_linked_list.swift */; };
		705EAB3E2C64EBB000BE7DE1 /* 25_reverse_nodes_in_k_group.swift in Sources */ = {isa = PBXBuildFile; fileRef = 705EAABC2C64EBB000BE7DE1 /* 25_reverse_nodes_in_k_group.swift */; };
		705EAB3F2C64EBB000BE7DE1 /* 33_search_in_rotated_sorted_array.swift in Sources */ = {isa = PBXBuildFile; fileRef = 705EAABD2C64EBB000BE7DE1 /* 33_search_in_rotated_sorted_array.swift */; };
		705EAB402C64EBB000BE7DE1 /* 34_positions_in_sorted_array.swift in Sources */ = {isa = PBXBuildFile; fileRef = 705EAABE2C64EBB000BE7DE1 /* 34_positions_in_sorted_array.swift */; };
		705EAB412C64EBB000BE7DE1 /* 36_valid_sudoku.swift in Sources */ = {isa = PBXBuildFile; fileRef = 705EAABF2C64EBB000BE7DE1 /* 36_valid_sudoku.swift */; };
		705EAB422C64EBB000BE7DE1 /* 42_trapping_raining_water.swift in Sources */ = {isa = PBXBuildFile; fileRef = 705EAAC02C64EBB000BE7DE1 /* 42_trapping_raining_water.swift */; };
		705EAB432C64EBB000BE7DE1 /* 49_group_anagram.swift in Sources */ = {isa = PBXBuildFile; fileRef = 705EAAC12C64EBB000BE7DE1 /* 49_group_anagram.swift */; };
		705EAB442C64EBB000BE7DE1 /* 55_jump_game.swift in Sources */ = {isa = PBXBuildFile; fileRef = 705EAAC22C64EBB000BE7DE1 /* 55_jump_game.swift */; };
		705EAB452C64EBB000BE7DE1 /* 56_merge_interval.swift in Sources */ = {isa = PBXBuildFile; fileRef = 705EAAC32C64EBB000BE7DE1 /* 56_merge_interval.swift */; };
		705EAB462C64EBB000BE7DE1 /* 57_insert_interval.swift in Sources */ = {isa = PBXBuildFile; fileRef = 705EAAC42C64EBB000BE7DE1 /* 57_insert_interval.swift */; };
		705EAB472C64EBB000BE7DE1 /* 62_unique_path.swift in Sources */ = {isa = PBXBuildFile; fileRef = 705EAAC52C64EBB000BE7DE1 /* 62_unique_path.swift */; };
		705EAB482C64EBB000BE7DE1 /* 69_sqrt.swift in Sources */ = {isa = PBXBuildFile; fileRef = 705EAAC62C64EBB000BE7DE1 /* 69_sqrt.swift */; };
		705EAB492C64EBB000BE7DE1 /* 70_climbing_stairs.swift in Sources */ = {isa = PBXBuildFile; fileRef = 705EAAC72C64EBB000BE7DE1 /* 70_climbing_stairs.swift */; };
		705EAB4A2C64EBB000BE7DE1 /* 74_search_in_2d_matrix.swift in Sources */ = {isa = PBXBuildFile; fileRef = 705EAAC82C64EBB000BE7DE1 /* 74_search_in_2d_matrix.swift */; };
		705EAB4B2C64EBB000BE7DE1 /* 76_minimum_window_substring.swift in Sources */ = {isa = PBXBuildFile; fileRef = 705EAAC92C64EBB000BE7DE1 /* 76_minimum_window_substring.swift */; };
		705EAB4C2C64EBB000BE7DE1 /* 84_largest_rectangle.swift in Sources */ = {isa = PBXBuildFile; fileRef = 705EAACA2C64EBB000BE7DE1 /* 84_largest_rectangle.swift */; };
		705EAB4D2C64EBB000BE7DE1 /* 92_reversed_linked_list_2.swift in Sources */ = {isa = PBXBuildFile; fileRef = 705EAACB2C64EBB000BE7DE1 /* 92_reversed_linked_list_2.swift */; };
		705EAB4E2C64EBB000BE7DE1 /* 98_valid_tree.swift in Sources */ = {isa = PBXBuildFile; fileRef = 705EAACC2C64EBB000BE7DE1 /* 98_valid_tree.swift */; };
		705EAB4F2C64EBB000BE7DE1 /* 100_same_tree.swift in Sources */ = {isa = PBXBuildFile; fileRef = 705EAACD2C64EBB000BE7DE1 /* 100_same_tree.swift */; };
		705EAB502C64EBB000BE7DE1 /* 102_binary_tree_level_traversal.swift in Sources */ = {isa = PBXBuildFile; fileRef = 705EAACE2C64EBB000BE7DE1 /* 102_binary_tree_level_traversal.swift */; };
		705EAB512C64EBB000BE7DE1 /* 104_max_depth_of_binary.swift in Sources */ = {isa = PBXBuildFile; fileRef = 705EAACF2C64EBB000BE7DE1 /* 104_max_depth_of_binary.swift */; };
		705EAB522C64EBB000BE7DE1 /* 105_construct_binary_tree.swift in Sources */ = {isa = PBXBuildFile; fileRef = 705EAAD02C64EBB000BE7DE1 /* 105_construct_binary_tree.swift */; };
		705EAB532C64EBB000BE7DE1 /* 108_balanced_binary_search_tree.swift in Sources */ = {isa = PBXBuildFile; fileRef = 705EAAD12C64EBB000BE7DE1 /* 108_balanced_binary_search_tree.swift */; };
		705EAB542C64EBB000BE7DE1 /* 118_pascal_triangle.swift in Sources */ = {isa = PBXBuildFile; fileRef = 705EAAD22C64EBB000BE7DE1 /* 118_pascal_triangle.swift */; };
		705EAB552C64EBB000BE7DE1 /* 121_sell_and_buy_stocks.swift in Sources */ = {isa = PBXBuildFile; fileRef = 705EAAD32C64EBB000BE7DE1 /* 121_sell_and_buy_stocks.swift */; };
		705EAB562C64EBB000BE7DE1 /* 124_binary_tree_maximum_path.swift in Sources */ = {isa = PBXBuildFile; fileRef = 705EAAD42C64EBB000BE7DE1 /* 124_binary_tree_maximum_path.swift */; };
		705EAB572C64EBB000BE7DE1 /* 125_valid_palindrome.swift in Sources */ = {isa = PBXBuildFile; fileRef = 705EAAD52C64EBB000BE7DE1 /* 125_valid_palindrome.swift */; };
		705EAB582C64EBB000BE7DE1 /* 128_longest_sequense.swift in Sources */ = {isa = PBXBuildFile; fileRef = 705EAAD62C64EBB000BE7DE1 /* 128_longest_sequense.swift */; };
		705EAB592C64EBB000BE7DE1 /* 134_gas_Station.swift in Sources */ = {isa = PBXBuildFile; fileRef = 705EAAD72C64EBB000BE7DE1 /* 134_gas_Station.swift */; };
		705EAB5A2C64EBB000BE7DE1 /* 135_candy.swift in Sources */ = {isa = PBXBuildFile; fileRef = 705EAAD82C64EBB000BE7DE1 /* 135_candy.swift */; };
		705EAB5B2C64EBB000BE7DE1 /* 138_copy_list_with_random_pointer.swift in Sources */ = {isa = PBXBuildFile; fileRef = 705EAAD92C64EBB000BE7DE1 /* 138_copy_list_with_random_pointer.swift */; };
		705EAB5C2C64EBB000BE7DE1 /* 141_linked_list_cycle.swift in Sources */ = {isa = PBXBuildFile; fileRef = 705EAADA2C64EBB000BE7DE1 /* 141_linked_list_cycle.swift */; };
		705EAB5D2C64EBB000BE7DE1 /* 142_linked_list_cycle_2.swift in Sources */ = {isa = PBXBuildFile; fileRef = 705EAADB2C64EBB000BE7DE1 /* 142_linked_list_cycle_2.swift */; };
		705EAB5E2C64EBB000BE7DE1 /* 143_reorder_list.swift in Sources */ = {isa = PBXBuildFile; fileRef = 705EAADC2C64EBB000BE7DE1 /* 143_reorder_list.swift */; };
		705EAB5F2C64EBB000BE7DE1 /* 144_binary_tree_preorder_traversal.swift in Sources */ = {isa = PBXBuildFile; fileRef = 705EAADD2C64EBB000BE7DE1 /* 144_binary_tree_preorder_traversal.swift */; };
		705EAB602C64EBB000BE7DE1 /* 146_lru_cache.swift in Sources */ = {isa = PBXBuildFile; fileRef = 705EAADE2C64EBB000BE7DE1 /* 146_lru_cache.swift */; };
		705EAB612C64EBB000BE7DE1 /* 150_evaluate_reverse_polish_notation.swift in Sources */ = {isa = PBXBuildFile; fileRef = 705EAADF2C64EBB000BE7DE1 /* 150_evaluate_reverse_polish_notation.swift */; };
		705EAB622C64EBB000BE7DE1 /* 153_find_min_in_rotated_sorted_array.swift in Sources */ = {isa = PBXBuildFile; fileRef = 705EAAE02C64EBB000BE7DE1 /* 153_find_min_in_rotated_sorted_array.swift */; };
		705EAB632C64EBB000BE7DE1 /* 155_min_stack.swift in Sources */ = {isa = PBXBuildFile; fileRef = 705EAAE12C64EBB000BE7DE1 /* 155_min_stack.swift */; };
		705EAB642C64EBB000BE7DE1 /* 167_two_sum_2.swift in Sources */ = {isa = PBXBuildFile; fileRef = 705EAAE22C64EBB000BE7DE1 /* 167_two_sum_2.swift */; };
		705EAB652C64EBB000BE7DE1 /* 198_house_robber.swift in Sources */ = {isa = PBXBuildFile; fileRef = 705EAAE32C64EBB000BE7DE1 /* 198_house_robber.swift */; };
		705EAB662C64EBB000BE7DE1 /* 206_reversed_linked_list.swift in Sources */ = {isa = PBXBuildFile; fileRef = 705EAAE42C64EBB000BE7DE1 /* 206_reversed_linked_list.swift */; };
		705EAB672C64EBB000BE7DE1 /* 217_contains_duplicates.swift in Sources */ = {isa = PBXBuildFile; fileRef = 705EAAE52C64EBB000BE7DE1 /* 217_contains_duplicates.swift */; };
		705EAB682C64EBB000BE7DE1 /* 226_invert_binary_tree.swift in Sources */ = {isa = PBXBuildFile; fileRef = 705EAAE62C64EBB000BE7DE1 /* 226_invert_binary_tree.swift */; };
		705EAB692C64EBB000BE7DE1 /* 229_majority_element.swift in Sources */ = {isa = PBXBuildFile; fileRef = 705EAAE72C64EBB000BE7DE1 /* 229_majority_element.swift */; };
		705EAB6A2C64EBB000BE7DE1 /* 230_kth_smaller_element_in_bst.swift in Sources */ = {isa = PBXBuildFile; fileRef = 705EAAE82C64EBB000BE7DE1 /* 230_kth_smaller_element_in_bst.swift */; };
		705EAB6B2C64EBB000BE7DE1 /* 232_implement_queue_using_stacks.swift in Sources */ = {isa = PBXBuildFile; fileRef = 705EAAE92C64EBB000BE7DE1 /* 232_implement_queue_using_stacks.swift */; };
		705EAB6C2C64EBB000BE7DE1 /* 234_palindrome_linked_list.swift in Sources */ = {isa = PBXBuildFile; fileRef = 705EAAEA2C64EBB000BE7DE1 /* 234_palindrome_linked_list.swift */; };
		705EAB6D2C64EBB000BE7DE1 /* 235_Lowest Common Ancestor of a Binary Search Tree.swift in Sources */ = {isa = PBXBuildFile; fileRef = 705EAAEB2C64EBB000BE7DE1 /* 235_Lowest Common Ancestor of a Binary Search Tree.swift */; };
		705EAB6E2C64EBB000BE7DE1 /* 238_product_of_array_except_self.swift in Sources */ = {isa = PBXBuildFile; fileRef = 705EAAEC2C64EBB000BE7DE1 /* 238_product_of_array_except_self.swift */; };
		705EAB6F2C64EBB000BE7DE1 /* 239_max_sliding_window.swift in Sources */ = {isa = PBXBuildFile; fileRef = 705EAAED2C64EBB000BE7DE1 /* 239_max_sliding_window.swift */; };
		705EAB702C64EBB000BE7DE1 /* 242_anagram.swift in Sources */ = {isa = PBXBuildFile; fileRef = 705EAAEE2C64EBB000BE7DE1 /* 242_anagram.swift */; };
		705EAB712C64EBB000BE7DE1 /* 283_move_zeroes.swift in Sources */ = {isa = PBXBuildFile; fileRef = 705EAAEF2C64EBB000BE7DE1 /* 283_move_zeroes.swift */; };
		705EAB722C64EBB000BE7DE1 /* 287_find_duplicate.swift in Sources */ = {isa = PBXBuildFile; fileRef = 705EAAF02C64EBB000BE7DE1 /* 287_find_duplicate.swift */; };
		705EAB732C64EBB000BE7DE1 /* 290_word_pattern.swift in Sources */ = {isa = PBXBuildFile; fileRef = 705EAAF12C64EBB000BE7DE1 /* 290_word_pattern.swift */; };
		705EAB742C64EBB000BE7DE1 /* 309_best_time_to_buy_and_sell_stock.swift in Sources */ = {isa = PBXBuildFile; fileRef = 705EAAF22C64EBB000BE7DE1 /* 309_best_time_to_buy_and_sell_stock.swift */; };
		705EAB752C64EBB000BE7DE1 /* 316_remove_duplicate_letters.swift in Sources */ = {isa = PBXBuildFile; fileRef = 705EAAF32C64EBB000BE7DE1 /* 316_remove_duplicate_letters.swift */; };
		705EAB762C64EBB000BE7DE1 /* 326_Power_of_Three.swift in Sources */ = {isa = PBXBuildFile; fileRef = 705EAAF42C64EBB000BE7DE1 /* 326_Power_of_Three.swift */; };
		705EAB772C64EBB000BE7DE1 /* 328_Odd_Even_Linked_List.swift in Sources */ = {isa = PBXBuildFile; fileRef = 705EAAF52C64EBB000BE7DE1 /* 328_Odd_Even_Linked_List.swift */; };
		705EAB782C64EBB000BE7DE1 /* 342_power_of_four.swift in Sources */ = {isa = PBXBuildFile; fileRef = 705EAAF62C64EBB000BE7DE1 /* 342_power_of_four.swift */; };
		705EAB792C64EBB000BE7DE1 /* 343_integer_break.swift in Sources */ = {isa = PBXBuildFile; fileRef = 705EAAF72C64EBB000BE7DE1 /* 343_integer_break.swift */; };
		705EAB7A2C64EBB000BE7DE1 /* 347_top_k_frequent_elements.swift in Sources */ = {isa = PBXBuildFile; fileRef = 705EAAF82C64EBB000BE7DE1 /* 347_top_k_frequent_elements.swift */; };
		705EAB7B2C64EBB000BE7DE1 /* 377_combination_sum.swift in Sources */ = {isa = PBXBuildFile; fileRef = 705EAAF92C64EBB000BE7DE1 /* 377_combination_sum.swift */; };
		705EAB7C2C64EBB000BE7DE1 /* 383_ransom_note.swift in Sources */ = {isa = PBXBuildFile; fileRef = 705EAAFA2C64EBB000BE7DE1 /* 383_ransom_note.swift */; };
		705EAB7D2C64EBB000BE7DE1 /* 387_unique_character.swift in Sources */ = {isa = PBXBuildFile; fileRef = 705EAAFB2C64EBB000BE7DE1 /* 387_unique_character.swift */; };
		705EAB7E2C64EBB000BE7DE1 /* 389_find_difference.swift in Sources */ = {isa = PBXBuildFile; fileRef = 705EAAFC2C64EBB000BE7DE1 /* 389_find_difference.swift */; };
		705EAB7F2C64EBB000BE7DE1 /* 392_is_subsequence.swift in Sources */ = {isa = PBXBuildFile; fileRef = 705EAAFD2C64EBB000BE7DE1 /* 392_is_subsequence.swift */; };
		705EAB802C64EBB000BE7DE1 /* 412_fizz_buzz.swift in Sources */ = {isa = PBXBuildFile; fileRef = 705EAAFE2C64EBB000BE7DE1 /* 412_fizz_buzz.swift */; };
		705EAB812C64EBB000BE7DE1 /* 414_third_max_number.swift in Sources */ = {isa = PBXBuildFile; fileRef = 705EAAFF2C64EBB000BE7DE1 /* 414_third_max_number.swift */; };
		705EAB822C64EBB000BE7DE1 /* 424_longest_repeating_character.swift in Sources */ = {isa = PBXBuildFile; fileRef = 705EAB002C64EBB000BE7DE1 /* 424_longest_repeating_character.swift */; };
		705EAB832C64EBB000BE7DE1 /* 448_find_all_numers_disappeared_in_array.swift in Sources */ = {isa = PBXBuildFile; fileRef = 705EAB012C64EBB000BE7DE1 /* 448_find_all_numers_disappeared_in_array.swift */; };
		705EAB842C64EBB000BE7DE1 /* 452_minimum_number_of_arrows.swift in Sources */ = {isa = PBXBuildFile; fileRef = 705EAB022C64EBB000BE7DE1 /* 452_minimum_number_of_arrows.swift */; };
		705EAB852C64EBB000BE7DE1 /* 520_detect_capital_letter.swift in Sources */ = {isa = PBXBuildFile; fileRef = 705EAB032C64EBB000BE7DE1 /* 520_detect_capital_letter.swift */; };
		705EAB862C64EBB000BE7DE1 /* 557_reverse_words.swift in Sources */ = {isa = PBXBuildFile; fileRef = 705EAB042C64EBB000BE7DE1 /* 557_reverse_words.swift */; };
		705EAB872C64EBB000BE7DE1 /* 567_permutation_string.swift in Sources */ = {isa = PBXBuildFile; fileRef = 705EAB052C64EBB000BE7DE1 /* 567_permutation_string.swift */; };
		705EAB882C64EBB000BE7DE1 /* 572_subtree_of_another_tree.swift in Sources */ = {isa = PBXBuildFile; fileRef = 705EAB062C64EBB000BE7DE1 /* 572_subtree_of_another_tree.swift */; };
		705EAB892C64EBB000BE7DE1 /* 704_binary_search.swift in Sources */ = {isa = PBXBuildFile; fileRef = 705EAB072C64EBB000BE7DE1 /* 704_binary_search.swift */; };
		705EAB8A2C64EBB000BE7DE1 /* 706_hashmap.swift in Sources */ = {isa = PBXBuildFile; fileRef = 705EAB082C64EBB000BE7DE1 /* 706_hashmap.swift */; };
		705EAB8B2C64EBB000BE7DE1 /* 725_split_linked_list.swift in Sources */ = {isa = PBXBuildFile; fileRef = 705EAB092C64EBB000BE7DE1 /* 725_split_linked_list.swift */; };
		705EAB8C2C64EBB000BE7DE1 /* 729_stattree.swift in Sources */ = {isa = PBXBuildFile; fileRef = 705EAB0A2C64EBB000BE7DE1 /* 729_stattree.swift */; };
		705EAB8D2C64EBB000BE7DE1 /* 739_daily_temperature.swift in Sources */ = {isa = PBXBuildFile; fileRef = 705EAB0B2C64EBB000BE7DE1 /* 739_daily_temperature.swift */; };
		705EAB8E2C64EBB000BE7DE1 /* 746_climbing_stairs.swift in Sources */ = {isa = PBXBuildFile; fileRef = 705EAB0C2C64EBB000BE7DE1 /* 746_climbing_stairs.swift */; };
		705EAB8F2C64EBB000BE7DE1 /* 804_transform.swift in Sources */ = {isa = PBXBuildFile; fileRef = 705EAB0D2C64EBB000BE7DE1 /* 804_transform.swift */; };
		705EAB902C64EBB000BE7DE1 /* 815_bus_route.swift in Sources */ = {isa = PBXBuildFile; fileRef = 705EAB0E2C64EBB000BE7DE1 /* 815_bus_route.swift */; };
		705EAB912C64EBB000BE7DE1 /* 841_keys_and_rooms.swift in Sources */ = {isa = PBXBuildFile; fileRef = 705EAB0F2C64EBB000BE7DE1 /* 841_keys_and_rooms.swift */; };
		705EAB922C64EBB000BE7DE1 /* 853_car_fleet.swift in Sources */ = {isa = PBXBuildFile; fileRef = 705EAB102C64EBB000BE7DE1 /* 853_car_fleet.swift */; };
		705EAB932C64EBB000BE7DE1 /* 858_mirror.swift in Sources */ = {isa = PBXBuildFile; fileRef = 705EAB112C64EBB000BE7DE1 /* 858_mirror.swift */; };
		705EAB942C64EBB000BE7DE1 /* 872_leaf-similar-tree.swift in Sources */ = {isa = PBXBuildFile; fileRef = 705EAB122C64EBB000BE7DE1 /* 872_leaf-similar-tree.swift */; };
		705EAB952C64EBB000BE7DE1 /* 875_koko_eating_banana.swift in Sources */ = {isa = PBXBuildFile; fileRef = 705EAB132C64EBB000BE7DE1 /* 875_koko_eating_banana.swift */; };
		705EAB962C64EBB000BE7DE1 /* 876_middle_of_linked_list.swift in Sources */ = {isa = PBXBuildFile; fileRef = 705EAB142C64EBB000BE7DE1 /* 876_middle_of_linked_list.swift */; };
		705EAB972C64EBB000BE7DE1 /* 880_decode_String.swift in Sources */ = {isa = PBXBuildFile; fileRef = 705EAB152C64EBB000BE7DE1 /* 880_decode_String.swift */; };
		705EAB982C64EBB000BE7DE1 /* 896_monotonic_array.swift in Sources */ = {isa = PBXBuildFile; fileRef = 705EAB162C64EBB000BE7DE1 /* 896_monotonic_array.swift */; };
		705EAB992C64EBB000BE7DE1 /* 931_minimum_failing_path_sum.swift in Sources */ = {isa = PBXBuildFile; fileRef = 705EAB172C64EBB000BE7DE1 /* 931_minimum_failing_path_sum.swift */; };
		705EAB9A2C64EBB000BE7DE1 /* 938_range_sum_of_BST.swift in Sources */ = {isa = PBXBuildFile; fileRef = 705EAB182C64EBB000BE7DE1 /* 938_range_sum_of_BST.swift */; };
		705EAB9B2C64EBB000BE7DE1 /* 944_delete_columns_to_make_sorted.swift in Sources */ = {isa = PBXBuildFile; fileRef = 705EAB192C64EBB000BE7DE1 /* 944_delete_columns_to_make_sorted.swift */; };
		705EAB9C2C64EBB000BE7DE1 /* 977_squares_sorted_array.swift in Sources */ = {isa = PBXBuildFile; fileRef = 705EAB1A2C64EBB000BE7DE1 /* 977_squares_sorted_array.swift */; };
		705EAB9D2C64EBB000BE7DE1 /* 981_time_based_key_value_store.swift in Sources */ = {isa = PBXBuildFile; fileRef = 705EAB1B2C64EBB000BE7DE1 /* 981_time_based_key_value_store.swift */; };
		705EAB9E2C64EBB000BE7DE1 /* 1026_max_difference_node_and_ancestor.swift in Sources */ = {isa = PBXBuildFile; fileRef = 705EAB1C2C64EBB000BE7DE1 /* 1026_max_difference_node_and_ancestor.swift */; };
		705EAB9F2C64EBB000BE7DE1 /* 1048_longest_string_chain.swift in Sources */ = {isa = PBXBuildFile; fileRef = 705EAB1D2C64EBB000BE7DE1 /* 1048_longest_string_chain.swift */; };
		705EABA02C64EBB000BE7DE1 /* 1143_longest_common_subsequence.swift in Sources */ = {isa = PBXBuildFile; fileRef = 705EAB1E2C64EBB000BE7DE1 /* 1143_longest_common_subsequence.swift */; };
		705EABA12C64EBB000BE7DE1 /* 1268_search_suggestion_system.swift in Sources */ = {isa = PBXBuildFile; fileRef = 705EAB1F2C64EBB000BE7DE1 /* 1268_search_suggestion_system.swift */; };
		705EABA22C64EBB000BE7DE1 /* 1282_group_people.swift in Sources */ = {isa = PBXBuildFile; fileRef = 705EAB202C64EBB000BE7DE1 /* 1282_group_people.swift */; };
		705EABA32C64EBB000BE7DE1 /* 1337_k_weakest_row.swift in Sources */ = {isa = PBXBuildFile; fileRef = 705EAB212C64EBB000BE7DE1 /* 1337_k_weakest_row.swift */; };
		705EABA42C64EBB000BE7DE1 /* 1339_max_product_split_binary_Tree.swift in Sources */ = {isa = PBXBuildFile; fileRef = 705EAB222C64EBB000BE7DE1 /* 1339_max_product_split_binary_Tree.swift */; };
		705EABA52C64EBB000BE7DE1 /* 1342_number_of_steps.swift in Sources */ = {isa = PBXBuildFile; fileRef = 705EAB232C64EBB000BE7DE1 /* 1342_number_of_steps.swift */; };
		705EABA62C64EBB000BE7DE1 /* 1359_count_all_pick_delivery_options.swift in Sources */ = {isa = PBXBuildFile; fileRef = 705EAB242C64EBB000BE7DE1 /* 1359_count_all_pick_delivery_options.swift */; };
		705EABA72C64EBB000BE7DE1 /* 1480_running_sum.swift in Sources */ = {isa = PBXBuildFile; fileRef = 705EAB252C64EBB000BE7DE1 /* 1480_running_sum.swift */; };
		705EABA82C64EBB000BE7DE1 /* 1647_minimum_dletions.swift in Sources */ = {isa = PBXBuildFile; fileRef = 705EAB262C64EBB000BE7DE1 /* 1647_minimum_dletions.swift */; };
		705EABA92C64EBB000BE7DE1 /* 1658_minimum_operations.swift in Sources */ = {isa = PBXBuildFile; fileRef = 705EAB272C64EBB000BE7DE1 /* 1658_minimum_operations.swift */; };
		705EABAA2C64EBB000BE7DE1 /* 1791_find_center_of_graph.swift in Sources */ = {isa = PBXBuildFile; fileRef = 705EAB282C64EBB000BE7DE1 /* 1791_find_center_of_graph.swift */; };
		705EABAB2C64EBB000BE7DE1 /* 1834_max_ice_cream.swift in Sources */ = {isa = PBXBuildFile; fileRef = 705EAB292C64EBB000BE7DE1 /* 1834_max_ice_cream.swift */; };
		705EABAC2C64EBB000BE7DE1 /* 1962_remove_stones.swift in Sources */ = {isa = PBXBuildFile; fileRef = 705EAB2A2C64EBB000BE7DE1 /* 1962_remove_stones.swift */; };
		705EABAD2C64EBB000BE7DE1 /* 2009_minimum_number_of_operations.swift in Sources */ = {isa = PBXBuildFile; fileRef = 705EAB2B2C64EBB000BE7DE1 /* 2009_minimum_number_of_operations.swift */; };
		705EABAE2C64EBB000BE7DE1 /* 2038_remove_colored_letter.swift in Sources */ = {isa = PBXBuildFile; fileRef = 705EAB2C2C64EBB000BE7DE1 /* 2038_remove_colored_letter.swift */; };
		705EABAF2C64EBB000BE7DE1 /* 2244_minimum_rounds.swift in Sources */ = {isa = PBXBuildFile; fileRef = 705EAB2D2C64EBB000BE7DE1 /* 2244_minimum_rounds.swift */; };
		705EABB02C64EBB000BE7DE1 /* 2279_max_bags_full_rocks.swift in Sources */ = {isa = PBXBuildFile; fileRef = 705EAB2E2C64EBB000BE7DE1 /* 2279_max_bags_full_rocks.swift */; };
		705EABB12C64EBB000BE7DE1 /* 2389_longest_sub_with_limited_sum.swift in Sources */ = {isa = PBXBuildFile; fileRef = 705EAB2F2C64EBB000BE7DE1 /* 2389_longest_sub_with_limited_sum.swift */; };
		705EABB22C64EBB000BE7DE1 /* 2707_extra_character_in_string.swift in Sources */ = {isa = PBXBuildFile; fileRef = 705EAB302C64EBB000BE7DE1 /* 2707_extra_character_in_string.swift */; };
		70A0654A2874CEFB00F730D4 /* main.swift in Sources */ = {isa = PBXBuildFile; fileRef = 70A065492874CEFB00F730D4 /* main.swift */; };
/* End PBXBuildFile section */

/* Begin PBXCopyFilesBuildPhase section */
		70A065442874CEFB00F730D4 /* CopyFiles */ = {
			isa = PBXCopyFilesBuildPhase;
			buildActionMask = 2147483647;
			dstPath = /usr/share/man/man1/;
			dstSubfolderSpec = 0;
			files = (
			);
			runOnlyForDeploymentPostprocessing = 1;
		};
/* End PBXCopyFilesBuildPhase section */

/* Begin PBXFileReference section */
		705EAAB02C64EBB000BE7DE1 /* 1_two_sum.swift */ = {isa = PBXFileReference; fileEncoding = 4; lastKnownFileType = sourcecode.swift; path = 1_two_sum.swift; sourceTree = "<group>"; };
		705EAAB12C64EBB000BE7DE1 /* 2_add_two_numbers.swift */ = {isa = PBXFileReference; fileEncoding = 4; lastKnownFileType = sourcecode.swift; path = 2_add_two_numbers.swift; sourceTree = "<group>"; };
		705EAAB22C64EBB000BE7DE1 /* 3_longest_substring.swift */ = {isa = PBXFileReference; fileEncoding = 4; lastKnownFileType = sourcecode.swift; path = 3_longest_substring.swift; sourceTree = "<group>"; };
		705EAAB32C64EBB000BE7DE1 /* 11_container_wth_most_water.swift */ = {isa = PBXFileReference; fileEncoding = 4; lastKnownFileType = sourcecode.swift; path = 11_container_wth_most_water.swift; sourceTree = "<group>"; };
		705EAAB42C64EBB000BE7DE1 /* 13_roman_to_int.swift */ = {isa = PBXFileReference; fileEncoding = 4; lastKnownFileType = sourcecode.swift; path = 13_roman_to_int.swift; sourceTree = "<group>"; };
		705EAAB52C64EBB000BE7DE1 /* 14_trie_tree.swift */ = {isa = PBXFileReference; fileEncoding = 4; lastKnownFileType = sourcecode.swift; path = 14_trie_tree.swift; sourceTree = "<group>"; };
		705EAAB62C64EBB000BE7DE1 /* 15_3_sum.swift */ = {isa = PBXFileReference; fileEncoding = 4; lastKnownFileType = sourcecode.swift; path = 15_3_sum.swift; sourceTree = "<group>"; };
		705EAAB72C64EBB000BE7DE1 /* 19_remove_n_node_from_the_end.swift */ = {isa = PBXFileReference; fileEncoding = 4; lastKnownFileType = sourcecode.swift; path = 19_remove_n_node_from_the_end.swift; sourceTree = "<group>"; };
		705EAAB82C64EBB000BE7DE1 /* 20_valid_parentheses.swift */ = {isa = PBXFileReference; fileEncoding = 4; lastKnownFileType = sourcecode.swift; path = 20_valid_parentheses.swift; sourceTree = "<group>"; };
		705EAAB92C64EBB000BE7DE1 /* 21_merge_two_sorted_linked_list.swift */ = {isa = PBXFileReference; fileEncoding = 4; lastKnownFileType = sourcecode.swift; path = 21_merge_two_sorted_linked_list.swift; sourceTree = "<group>"; };
		705EAABA2C64EBB000BE7DE1 /* 22_generate_parentheses.swift */ = {isa = PBXFileReference; fileEncoding = 4; lastKnownFileType = sourcecode.swift; path = 22_generate_parentheses.swift; sourceTree = "<group>"; };
		705EAABB2C64EBB000BE7DE1 /* 23_merge_k_sorted_linked_list.swift */ = {isa = PBXFileReference; fileEncoding = 4; lastKnownFileType = sourcecode.swift; path = 23_merge_k_sorted_linked_list.swift; sourceTree = "<group>"; };
		705EAABC2C64EBB000BE7DE1 /* 25_reverse_nodes_in_k_group.swift */ = {isa = PBXFileReference; fileEncoding = 4; lastKnownFileType = sourcecode.swift; path = 25_reverse_nodes_in_k_group.swift; sourceTree = "<group>"; };
		705EAABD2C64EBB000BE7DE1 /* 33_search_in_rotated_sorted_array.swift */ = {isa = PBXFileReference; fileEncoding = 4; lastKnownFileType = sourcecode.swift; path = 33_search_in_rotated_sorted_array.swift; sourceTree = "<group>"; };
		705EAABE2C64EBB000BE7DE1 /* 34_positions_in_sorted_array.swift */ = {isa = PBXFileReference; fileEncoding = 4; lastKnownFileType = sourcecode.swift; path = 34_positions_in_sorted_array.swift; sourceTree = "<group>"; };
		705EAABF2C64EBB000BE7DE1 /* 36_valid_sudoku.swift */ = {isa = PBXFileReference; fileEncoding = 4; lastKnownFileType = sourcecode.swift; path = 36_valid_sudoku.swift; sourceTree = "<group>"; };
		705EAAC02C64EBB000BE7DE1 /* 42_trapping_raining_water.swift */ = {isa = PBXFileReference; fileEncoding = 4; lastKnownFileType = sourcecode.swift; path = 42_trapping_raining_water.swift; sourceTree = "<group>"; };
		705EAAC12C64EBB000BE7DE1 /* 49_group_anagram.swift */ = {isa = PBXFileReference; fileEncoding = 4; lastKnownFileType = sourcecode.swift; path = 49_group_anagram.swift; sourceTree = "<group>"; };
		705EAAC22C64EBB000BE7DE1 /* 55_jump_game.swift */ = {isa = PBXFileReference; fileEncoding = 4; lastKnownFileType = sourcecode.swift; path = 55_jump_game.swift; sourceTree = "<group>"; };
		705EAAC32C64EBB000BE7DE1 /* 56_merge_interval.swift */ = {isa = PBXFileReference; fileEncoding = 4; lastKnownFileType = sourcecode.swift; path = 56_merge_interval.swift; sourceTree = "<group>"; };
		705EAAC42C64EBB000BE7DE1 /* 57_insert_interval.swift */ = {isa = PBXFileReference; fileEncoding = 4; lastKnownFileType = sourcecode.swift; path = 57_insert_interval.swift; sourceTree = "<group>"; };
		705EAAC52C64EBB000BE7DE1 /* 62_unique_path.swift */ = {isa = PBXFileReference; fileEncoding = 4; lastKnownFileType = sourcecode.swift; path = 62_unique_path.swift; sourceTree = "<group>"; };
		705EAAC62C64EBB000BE7DE1 /* 69_sqrt.swift */ = {isa = PBXFileReference; fileEncoding = 4; lastKnownFileType = sourcecode.swift; path = 69_sqrt.swift; sourceTree = "<group>"; };
		705EAAC72C64EBB000BE7DE1 /* 70_climbing_stairs.swift */ = {isa = PBXFileReference; fileEncoding = 4; lastKnownFileType = sourcecode.swift; path = 70_climbing_stairs.swift; sourceTree = "<group>"; };
		705EAAC82C64EBB000BE7DE1 /* 74_search_in_2d_matrix.swift */ = {isa = PBXFileReference; fileEncoding = 4; lastKnownFileType = sourcecode.swift; path = 74_search_in_2d_matrix.swift; sourceTree = "<group>"; };
		705EAAC92C64EBB000BE7DE1 /* 76_minimum_window_substring.swift */ = {isa = PBXFileReference; fileEncoding = 4; lastKnownFileType = sourcecode.swift; path = 76_minimum_window_substring.swift; sourceTree = "<group>"; };
		705EAACA2C64EBB000BE7DE1 /* 84_largest_rectangle.swift */ = {isa = PBXFileReference; fileEncoding = 4; lastKnownFileType = sourcecode.swift; path = 84_largest_rectangle.swift; sourceTree = "<group>"; };
		705EAACB2C64EBB000BE7DE1 /* 92_reversed_linked_list_2.swift */ = {isa = PBXFileReference; fileEncoding = 4; lastKnownFileType = sourcecode.swift; path = 92_reversed_linked_list_2.swift; sourceTree = "<group>"; };
		705EAACC2C64EBB000BE7DE1 /* 98_valid_tree.swift */ = {isa = PBXFileReference; fileEncoding = 4; lastKnownFileType = sourcecode.swift; path = 98_valid_tree.swift; sourceTree = "<group>"; };
		705EAACD2C64EBB000BE7DE1 /* 100_same_tree.swift */ = {isa = PBXFileReference; fileEncoding = 4; lastKnownFileType = sourcecode.swift; path = 100_same_tree.swift; sourceTree = "<group>"; };
		705EAACE2C64EBB000BE7DE1 /* 102_binary_tree_level_traversal.swift */ = {isa = PBXFileReference; fileEncoding = 4; lastKnownFileType = sourcecode.swift; path = 102_binary_tree_level_traversal.swift; sourceTree = "<group>"; };
		705EAACF2C64EBB000BE7DE1 /* 104_max_depth_of_binary.swift */ = {isa = PBXFileReference; fileEncoding = 4; lastKnownFileType = sourcecode.swift; path = 104_max_depth_of_binary.swift; sourceTree = "<group>"; };
		705EAAD02C64EBB000BE7DE1 /* 105_construct_binary_tree.swift */ = {isa = PBXFileReference; fileEncoding = 4; lastKnownFileType = sourcecode.swift; path = 105_construct_binary_tree.swift; sourceTree = "<group>"; };
		705EAAD12C64EBB000BE7DE1 /* 108_balanced_binary_search_tree.swift */ = {isa = PBXFileReference; fileEncoding = 4; lastKnownFileType = sourcecode.swift; path = 108_balanced_binary_search_tree.swift; sourceTree = "<group>"; };
		705EAAD22C64EBB000BE7DE1 /* 118_pascal_triangle.swift */ = {isa = PBXFileReference; fileEncoding = 4; lastKnownFileType = sourcecode.swift; path = 118_pascal_triangle.swift; sourceTree = "<group>"; };
		705EAAD32C64EBB000BE7DE1 /* 121_sell_and_buy_stocks.swift */ = {isa = PBXFileReference; fileEncoding = 4; lastKnownFileType = sourcecode.swift; path = 121_sell_and_buy_stocks.swift; sourceTree = "<group>"; };
		705EAAD42C64EBB000BE7DE1 /* 124_binary_tree_maximum_path.swift */ = {isa = PBXFileReference; fileEncoding = 4; lastKnownFileType = sourcecode.swift; path = 124_binary_tree_maximum_path.swift; sourceTree = "<group>"; };
		705EAAD52C64EBB000BE7DE1 /* 125_valid_palindrome.swift */ = {isa = PBXFileReference; fileEncoding = 4; lastKnownFileType = sourcecode.swift; path = 125_valid_palindrome.swift; sourceTree = "<group>"; };
		705EAAD62C64EBB000BE7DE1 /* 128_longest_sequense.swift */ = {isa = PBXFileReference; fileEncoding = 4; lastKnownFileType = sourcecode.swift; path = 128_longest_sequense.swift; sourceTree = "<group>"; };
		705EAAD72C64EBB000BE7DE1 /* 134_gas_Station.swift */ = {isa = PBXFileReference; fileEncoding = 4; lastKnownFileType = sourcecode.swift; path = 134_gas_Station.swift; sourceTree = "<group>"; };
		705EAAD82C64EBB000BE7DE1 /* 135_candy.swift */ = {isa = PBXFileReference; fileEncoding = 4; lastKnownFileType = sourcecode.swift; path = 135_candy.swift; sourceTree = "<group>"; };
		705EAAD92C64EBB000BE7DE1 /* 138_copy_list_with_random_pointer.swift */ = {isa = PBXFileReference; fileEncoding = 4; lastKnownFileType = sourcecode.swift; path = 138_copy_list_with_random_pointer.swift; sourceTree = "<group>"; };
		705EAADA2C64EBB000BE7DE1 /* 141_linked_list_cycle.swift */ = {isa = PBXFileReference; fileEncoding = 4; lastKnownFileType = sourcecode.swift; path = 141_linked_list_cycle.swift; sourceTree = "<group>"; };
		705EAADB2C64EBB000BE7DE1 /* 142_linked_list_cycle_2.swift */ = {isa = PBXFileReference; fileEncoding = 4; lastKnownFileType = sourcecode.swift; path = 142_linked_list_cycle_2.swift; sourceTree = "<group>"; };
		705EAADC2C64EBB000BE7DE1 /* 143_reorder_list.swift */ = {isa = PBXFileReference; fileEncoding = 4; lastKnownFileType = sourcecode.swift; path = 143_reorder_list.swift; sourceTree = "<group>"; };
		705EAADD2C64EBB000BE7DE1 /* 144_binary_tree_preorder_traversal.swift */ = {isa = PBXFileReference; fileEncoding = 4; lastKnownFileType = sourcecode.swift; path = 144_binary_tree_preorder_traversal.swift; sourceTree = "<group>"; };
		705EAADE2C64EBB000BE7DE1 /* 146_lru_cache.swift */ = {isa = PBXFileReference; fileEncoding = 4; lastKnownFileType = sourcecode.swift; path = 146_lru_cache.swift; sourceTree = "<group>"; };
		705EAADF2C64EBB000BE7DE1 /* 150_evaluate_reverse_polish_notation.swift */ = {isa = PBXFileReference; fileEncoding = 4; lastKnownFileType = sourcecode.swift; path = 150_evaluate_reverse_polish_notation.swift; sourceTree = "<group>"; };
		705EAAE02C64EBB000BE7DE1 /* 153_find_min_in_rotated_sorted_array.swift */ = {isa = PBXFileReference; fileEncoding = 4; lastKnownFileType = sourcecode.swift; path = 153_find_min_in_rotated_sorted_array.swift; sourceTree = "<group>"; };
		705EAAE12C64EBB000BE7DE1 /* 155_min_stack.swift */ = {isa = PBXFileReference; fileEncoding = 4; lastKnownFileType = sourcecode.swift; path = 155_min_stack.swift; sourceTree = "<group>"; };
		705EAAE22C64EBB000BE7DE1 /* 167_two_sum_2.swift */ = {isa = PBXFileReference; fileEncoding = 4; lastKnownFileType = sourcecode.swift; path = 167_two_sum_2.swift; sourceTree = "<group>"; };
		705EAAE32C64EBB000BE7DE1 /* 198_house_robber.swift */ = {isa = PBXFileReference; fileEncoding = 4; lastKnownFileType = sourcecode.swift; path = 198_house_robber.swift; sourceTree = "<group>"; };
		705EAAE42C64EBB000BE7DE1 /* 206_reversed_linked_list.swift */ = {isa = PBXFileReference; fileEncoding = 4; lastKnownFileType = sourcecode.swift; path = 206_reversed_linked_list.swift; sourceTree = "<group>"; };
		705EAAE52C64EBB000BE7DE1 /* 217_contains_duplicates.swift */ = {isa = PBXFileReference; fileEncoding = 4; lastKnownFileType = sourcecode.swift; path = 217_contains_duplicates.swift; sourceTree = "<group>"; };
		705EAAE62C64EBB000BE7DE1 /* 226_invert_binary_tree.swift */ = {isa = PBXFileReference; fileEncoding = 4; lastKnownFileType = sourcecode.swift; path = 226_invert_binary_tree.swift; sourceTree = "<group>"; };
		705EAAE72C64EBB000BE7DE1 /* 229_majority_element.swift */ = {isa = PBXFileReference; fileEncoding = 4; lastKnownFileType = sourcecode.swift; path = 229_majority_element.swift; sourceTree = "<group>"; };
		705EAAE82C64EBB000BE7DE1 /* 230_kth_smaller_element_in_bst.swift */ = {isa = PBXFileReference; fileEncoding = 4; lastKnownFileType = sourcecode.swift; path = 230_kth_smaller_element_in_bst.swift; sourceTree = "<group>"; };
		705EAAE92C64EBB000BE7DE1 /* 232_implement_queue_using_stacks.swift */ = {isa = PBXFileReference; fileEncoding = 4; lastKnownFileType = sourcecode.swift; path = 232_implement_queue_using_stacks.swift; sourceTree = "<group>"; };
		705EAAEA2C64EBB000BE7DE1 /* 234_palindrome_linked_list.swift */ = {isa = PBXFileReference; fileEncoding = 4; lastKnownFileType = sourcecode.swift; path = 234_palindrome_linked_list.swift; sourceTree = "<group>"; };
		705EAAEB2C64EBB000BE7DE1 /* 235_Lowest Common Ancestor of a Binary Search Tree.swift */ = {isa = PBXFileReference; fileEncoding = 4; lastKnownFileType = sourcecode.swift; path = "235_Lowest Common Ancestor of a Binary Search Tree.swift"; sourceTree = "<group>"; };
		705EAAEC2C64EBB000BE7DE1 /* 238_product_of_array_except_self.swift */ = {isa = PBXFileReference; fileEncoding = 4; lastKnownFileType = sourcecode.swift; path = 238_product_of_array_except_self.swift; sourceTree = "<group>"; };
		705EAAED2C64EBB000BE7DE1 /* 239_max_sliding_window.swift */ = {isa = PBXFileReference; fileEncoding = 4; lastKnownFileType = sourcecode.swift; path = 239_max_sliding_window.swift; sourceTree = "<group>"; };
		705EAAEE2C64EBB000BE7DE1 /* 242_anagram.swift */ = {isa = PBXFileReference; fileEncoding = 4; lastKnownFileType = sourcecode.swift; path = 242_anagram.swift; sourceTree = "<group>"; };
		705EAAEF2C64EBB000BE7DE1 /* 283_move_zeroes.swift */ = {isa = PBXFileReference; fileEncoding = 4; lastKnownFileType = sourcecode.swift; path = 283_move_zeroes.swift; sourceTree = "<group>"; };
		705EAAF02C64EBB000BE7DE1 /* 287_find_duplicate.swift */ = {isa = PBXFileReference; fileEncoding = 4; lastKnownFileType = sourcecode.swift; path = 287_find_duplicate.swift; sourceTree = "<group>"; };
		705EAAF12C64EBB000BE7DE1 /* 290_word_pattern.swift */ = {isa = PBXFileReference; fileEncoding = 4; lastKnownFileType = sourcecode.swift; path = 290_word_pattern.swift; sourceTree = "<group>"; };
		705EAAF22C64EBB000BE7DE1 /* 309_best_time_to_buy_and_sell_stock.swift */ = {isa = PBXFileReference; fileEncoding = 4; lastKnownFileType = sourcecode.swift; path = 309_best_time_to_buy_and_sell_stock.swift; sourceTree = "<group>"; };
		705EAAF32C64EBB000BE7DE1 /* 316_remove_duplicate_letters.swift */ = {isa = PBXFileReference; fileEncoding = 4; lastKnownFileType = sourcecode.swift; path = 316_remove_duplicate_letters.swift; sourceTree = "<group>"; };
		705EAAF42C64EBB000BE7DE1 /* 326_Power_of_Three.swift */ = {isa = PBXFileReference; fileEncoding = 4; lastKnownFileType = sourcecode.swift; path = 326_Power_of_Three.swift; sourceTree = "<group>"; };
		705EAAF52C64EBB000BE7DE1 /* 328_Odd_Even_Linked_List.swift */ = {isa = PBXFileReference; fileEncoding = 4; lastKnownFileType = sourcecode.swift; path = 328_Odd_Even_Linked_List.swift; sourceTree = "<group>"; };
		705EAAF62C64EBB000BE7DE1 /* 342_power_of_four.swift */ = {isa = PBXFileReference; fileEncoding = 4; lastKnownFileType = sourcecode.swift; path = 342_power_of_four.swift; sourceTree = "<group>"; };
		705EAAF72C64EBB000BE7DE1 /* 343_integer_break.swift */ = {isa = PBXFileReference; fileEncoding = 4; lastKnownFileType = sourcecode.swift; path = 343_integer_break.swift; sourceTree = "<group>"; };
		705EAAF82C64EBB000BE7DE1 /* 347_top_k_frequent_elements.swift */ = {isa = PBXFileReference; fileEncoding = 4; lastKnownFileType = sourcecode.swift; path = 347_top_k_frequent_elements.swift; sourceTree = "<group>"; };
		705EAAF92C64EBB000BE7DE1 /* 377_combination_sum.swift */ = {isa = PBXFileReference; fileEncoding = 4; lastKnownFileType = sourcecode.swift; path = 377_combination_sum.swift; sourceTree = "<group>"; };
		705EAAFA2C64EBB000BE7DE1 /* 383_ransom_note.swift */ = {isa = PBXFileReference; fileEncoding = 4; lastKnownFileType = sourcecode.swift; path = 383_ransom_note.swift; sourceTree = "<group>"; };
		705EAAFB2C64EBB000BE7DE1 /* 387_unique_character.swift */ = {isa = PBXFileReference; fileEncoding = 4; lastKnownFileType = sourcecode.swift; path = 387_unique_character.swift; sourceTree = "<group>"; };
		705EAAFC2C64EBB000BE7DE1 /* 389_find_difference.swift */ = {isa = PBXFileReference; fileEncoding = 4; lastKnownFileType = sourcecode.swift; path = 389_find_difference.swift; sourceTree = "<group>"; };
		705EAAFD2C64EBB000BE7DE1 /* 392_is_subsequence.swift */ = {isa = PBXFileReference; fileEncoding = 4; lastKnownFileType = sourcecode.swift; path = 392_is_subsequence.swift; sourceTree = "<group>"; };
		705EAAFE2C64EBB000BE7DE1 /* 412_fizz_buzz.swift */ = {isa = PBXFileReference; fileEncoding = 4; lastKnownFileType = sourcecode.swift; path = 412_fizz_buzz.swift; sourceTree = "<group>"; };
		705EAAFF2C64EBB000BE7DE1 /* 414_third_max_number.swift */ = {isa = PBXFileReference; fileEncoding = 4; lastKnownFileType = sourcecode.swift; path = 414_third_max_number.swift; sourceTree = "<group>"; };
		705EAB002C64EBB000BE7DE1 /* 424_longest_repeating_character.swift */ = {isa = PBXFileReference; fileEncoding = 4; lastKnownFileType = sourcecode.swift; path = 424_longest_repeating_character.swift; sourceTree = "<group>"; };
		705EAB012C64EBB000BE7DE1 /* 448_find_all_numers_disappeared_in_array.swift */ = {isa = PBXFileReference; fileEncoding = 4; lastKnownFileType = sourcecode.swift; path = 448_find_all_numers_disappeared_in_array.swift; sourceTree = "<group>"; };
		705EAB022C64EBB000BE7DE1 /* 452_minimum_number_of_arrows.swift */ = {isa = PBXFileReference; fileEncoding = 4; lastKnownFileType = sourcecode.swift; path = 452_minimum_number_of_arrows.swift; sourceTree = "<group>"; };
		705EAB032C64EBB000BE7DE1 /* 520_detect_capital_letter.swift */ = {isa = PBXFileReference; fileEncoding = 4; lastKnownFileType = sourcecode.swift; path = 520_detect_capital_letter.swift; sourceTree = "<group>"; };
		705EAB042C64EBB000BE7DE1 /* 557_reverse_words.swift */ = {isa = PBXFileReference; fileEncoding = 4; lastKnownFileType = sourcecode.swift; path = 557_reverse_words.swift; sourceTree = "<group>"; };
		705EAB052C64EBB000BE7DE1 /* 567_permutation_string.swift */ = {isa = PBXFileReference; fileEncoding = 4; lastKnownFileType = sourcecode.swift; path = 567_permutation_string.swift; sourceTree = "<group>"; };
		705EAB062C64EBB000BE7DE1 /* 572_subtree_of_another_tree.swift */ = {isa = PBXFileReference; fileEncoding = 4; lastKnownFileType = sourcecode.swift; path = 572_subtree_of_another_tree.swift; sourceTree = "<group>"; };
		705EAB072C64EBB000BE7DE1 /* 704_binary_search.swift */ = {isa = PBXFileReference; fileEncoding = 4; lastKnownFileType = sourcecode.swift; path = 704_binary_search.swift; sourceTree = "<group>"; };
		705EAB082C64EBB000BE7DE1 /* 706_hashmap.swift */ = {isa = PBXFileReference; fileEncoding = 4; lastKnownFileType = sourcecode.swift; path = 706_hashmap.swift; sourceTree = "<group>"; };
		705EAB092C64EBB000BE7DE1 /* 725_split_linked_list.swift */ = {isa = PBXFileReference; fileEncoding = 4; lastKnownFileType = sourcecode.swift; path = 725_split_linked_list.swift; sourceTree = "<group>"; };
		705EAB0A2C64EBB000BE7DE1 /* 729_stattree.swift */ = {isa = PBXFileReference; fileEncoding = 4; lastKnownFileType = sourcecode.swift; path = 729_stattree.swift; sourceTree = "<group>"; };
		705EAB0B2C64EBB000BE7DE1 /* 739_daily_temperature.swift */ = {isa = PBXFileReference; fileEncoding = 4; lastKnownFileType = sourcecode.swift; path = 739_daily_temperature.swift; sourceTree = "<group>"; };
		705EAB0C2C64EBB000BE7DE1 /* 746_climbing_stairs.swift */ = {isa = PBXFileReference; fileEncoding = 4; lastKnownFileType = sourcecode.swift; path = 746_climbing_stairs.swift; sourceTree = "<group>"; };
		705EAB0D2C64EBB000BE7DE1 /* 804_transform.swift */ = {isa = PBXFileReference; fileEncoding = 4; lastKnownFileType = sourcecode.swift; path = 804_transform.swift; sourceTree = "<group>"; };
		705EAB0E2C64EBB000BE7DE1 /* 815_bus_route.swift */ = {isa = PBXFileReference; fileEncoding = 4; lastKnownFileType = sourcecode.swift; path = 815_bus_route.swift; sourceTree = "<group>"; };
		705EAB0F2C64EBB000BE7DE1 /* 841_keys_and_rooms.swift */ = {isa = PBXFileReference; fileEncoding = 4; lastKnownFileType = sourcecode.swift; path = 841_keys_and_rooms.swift; sourceTree = "<group>"; };
		705EAB102C64EBB000BE7DE1 /* 853_car_fleet.swift */ = {isa = PBXFileReference; fileEncoding = 4; lastKnownFileType = sourcecode.swift; path = 853_car_fleet.swift; sourceTree = "<group>"; };
		705EAB112C64EBB000BE7DE1 /* 858_mirror.swift */ = {isa = PBXFileReference; fileEncoding = 4; lastKnownFileType = sourcecode.swift; path = 858_mirror.swift; sourceTree = "<group>"; };
		705EAB122C64EBB000BE7DE1 /* 872_leaf-similar-tree.swift */ = {isa = PBXFileReference; fileEncoding = 4; lastKnownFileType = sourcecode.swift; path = "872_leaf-similar-tree.swift"; sourceTree = "<group>"; };
		705EAB132C64EBB000BE7DE1 /* 875_koko_eating_banana.swift */ = {isa = PBXFileReference; fileEncoding = 4; lastKnownFileType = sourcecode.swift; path = 875_koko_eating_banana.swift; sourceTree = "<group>"; };
		705EAB142C64EBB000BE7DE1 /* 876_middle_of_linked_list.swift */ = {isa = PBXFileReference; fileEncoding = 4; lastKnownFileType = sourcecode.swift; path = 876_middle_of_linked_list.swift; sourceTree = "<group>"; };
		705EAB152C64EBB000BE7DE1 /* 880_decode_String.swift */ = {isa = PBXFileReference; fileEncoding = 4; lastKnownFileType = sourcecode.swift; path = 880_decode_String.swift; sourceTree = "<group>"; };
		705EAB162C64EBB000BE7DE1 /* 896_monotonic_array.swift */ = {isa = PBXFileReference; fileEncoding = 4; lastKnownFileType = sourcecode.swift; path = 896_monotonic_array.swift; sourceTree = "<group>"; };
		705EAB172C64EBB000BE7DE1 /* 931_minimum_failing_path_sum.swift */ = {isa = PBXFileReference; fileEncoding = 4; lastKnownFileType = sourcecode.swift; path = 931_minimum_failing_path_sum.swift; sourceTree = "<group>"; };
		705EAB182C64EBB000BE7DE1 /* 938_range_sum_of_BST.swift */ = {isa = PBXFileReference; fileEncoding = 4; lastKnownFileType = sourcecode.swift; path = 938_range_sum_of_BST.swift; sourceTree = "<group>"; };
		705EAB192C64EBB000BE7DE1 /* 944_delete_columns_to_make_sorted.swift */ = {isa = PBXFileReference; fileEncoding = 4; lastKnownFileType = sourcecode.swift; path = 944_delete_columns_to_make_sorted.swift; sourceTree = "<group>"; };
		705EAB1A2C64EBB000BE7DE1 /* 977_squares_sorted_array.swift */ = {isa = PBXFileReference; fileEncoding = 4; lastKnownFileType = sourcecode.swift; path = 977_squares_sorted_array.swift; sourceTree = "<group>"; };
		705EAB1B2C64EBB000BE7DE1 /* 981_time_based_key_value_store.swift */ = {isa = PBXFileReference; fileEncoding = 4; lastKnownFileType = sourcecode.swift; path = 981_time_based_key_value_store.swift; sourceTree = "<group>"; };
		705EAB1C2C64EBB000BE7DE1 /* 1026_max_difference_node_and_ancestor.swift */ = {isa = PBXFileReference; fileEncoding = 4; lastKnownFileType = sourcecode.swift; path = 1026_max_difference_node_and_ancestor.swift; sourceTree = "<group>"; };
		705EAB1D2C64EBB000BE7DE1 /* 1048_longest_string_chain.swift */ = {isa = PBXFileReference; fileEncoding = 4; lastKnownFileType = sourcecode.swift; path = 1048_longest_string_chain.swift; sourceTree = "<group>"; };
		705EAB1E2C64EBB000BE7DE1 /* 1143_longest_common_subsequence.swift */ = {isa = PBXFileReference; fileEncoding = 4; lastKnownFileType = sourcecode.swift; path = 1143_longest_common_subsequence.swift; sourceTree = "<group>"; };
		705EAB1F2C64EBB000BE7DE1 /* 1268_search_suggestion_system.swift */ = {isa = PBXFileReference; fileEncoding = 4; lastKnownFileType = sourcecode.swift; path = 1268_search_suggestion_system.swift; sourceTree = "<group>"; };
		705EAB202C64EBB000BE7DE1 /* 1282_group_people.swift */ = {isa = PBXFileReference; fileEncoding = 4; lastKnownFileType = sourcecode.swift; path = 1282_group_people.swift; sourceTree = "<group>"; };
		705EAB212C64EBB000BE7DE1 /* 1337_k_weakest_row.swift */ = {isa = PBXFileReference; fileEncoding = 4; lastKnownFileType = sourcecode.swift; path = 1337_k_weakest_row.swift; sourceTree = "<group>"; };
		705EAB222C64EBB000BE7DE1 /* 1339_max_product_split_binary_Tree.swift */ = {isa = PBXFileReference; fileEncoding = 4; lastKnownFileType = sourcecode.swift; path = 1339_max_product_split_binary_Tree.swift; sourceTree = "<group>"; };
		705EAB232C64EBB000BE7DE1 /* 1342_number_of_steps.swift */ = {isa = PBXFileReference; fileEncoding = 4; lastKnownFileType = sourcecode.swift; path = 1342_number_of_steps.swift; sourceTree = "<group>"; };
		705EAB242C64EBB000BE7DE1 /* 1359_count_all_pick_delivery_options.swift */ = {isa = PBXFileReference; fileEncoding = 4; lastKnownFileType = sourcecode.swift; path = 1359_count_all_pick_delivery_options.swift; sourceTree = "<group>"; };
		705EAB252C64EBB000BE7DE1 /* 1480_running_sum.swift */ = {isa = PBXFileReference; fileEncoding = 4; lastKnownFileType = sourcecode.swift; path = 1480_running_sum.swift; sourceTree = "<group>"; };
		705EAB262C64EBB000BE7DE1 /* 1647_minimum_dletions.swift */ = {isa = PBXFileReference; fileEncoding = 4; lastKnownFileType = sourcecode.swift; path = 1647_minimum_dletions.swift; sourceTree = "<group>"; };
		705EAB272C64EBB000BE7DE1 /* 1658_minimum_operations.swift */ = {isa = PBXFileReference; fileEncoding = 4; lastKnownFileType = sourcecode.swift; path = 1658_minimum_operations.swift; sourceTree = "<group>"; };
		705EAB282C64EBB000BE7DE1 /* 1791_find_center_of_graph.swift */ = {isa = PBXFileReference; fileEncoding = 4; lastKnownFileType = sourcecode.swift; path = 1791_find_center_of_graph.swift; sourceTree = "<group>"; };
		705EAB292C64EBB000BE7DE1 /* 1834_max_ice_cream.swift */ = {isa = PBXFileReference; fileEncoding = 4; lastKnownFileType = sourcecode.swift; path = 1834_max_ice_cream.swift; sourceTree = "<group>"; };
		705EAB2A2C64EBB000BE7DE1 /* 1962_remove_stones.swift */ = {isa = PBXFileReference; fileEncoding = 4; lastKnownFileType = sourcecode.swift; path = 1962_remove_stones.swift; sourceTree = "<group>"; };
		705EAB2B2C64EBB000BE7DE1 /* 2009_minimum_number_of_operations.swift */ = {isa = PBXFileReference; fileEncoding = 4; lastKnownFileType = sourcecode.swift; path = 2009_minimum_number_of_operations.swift; sourceTree = "<group>"; };
		705EAB2C2C64EBB000BE7DE1 /* 2038_remove_colored_letter.swift */ = {isa = PBXFileReference; fileEncoding = 4; lastKnownFileType = sourcecode.swift; path = 2038_remove_colored_letter.swift; sourceTree = "<group>"; };
		705EAB2D2C64EBB000BE7DE1 /* 2244_minimum_rounds.swift */ = {isa = PBXFileReference; fileEncoding = 4; lastKnownFileType = sourcecode.swift; path = 2244_minimum_rounds.swift; sourceTree = "<group>"; };
		705EAB2E2C64EBB000BE7DE1 /* 2279_max_bags_full_rocks.swift */ = {isa = PBXFileReference; fileEncoding = 4; lastKnownFileType = sourcecode.swift; path = 2279_max_bags_full_rocks.swift; sourceTree = "<group>"; };
		705EAB2F2C64EBB000BE7DE1 /* 2389_longest_sub_with_limited_sum.swift */ = {isa = PBXFileReference; fileEncoding = 4; lastKnownFileType = sourcecode.swift; path = 2389_longest_sub_with_limited_sum.swift; sourceTree = "<group>"; };
		705EAB302C64EBB000BE7DE1 /* 2707_extra_character_in_string.swift */ = {isa = PBXFileReference; fileEncoding = 4; lastKnownFileType = sourcecode.swift; path = 2707_extra_character_in_string.swift; sourceTree = "<group>"; };
		70A065462874CEFB00F730D4 /* stop */ = {isa = PBXFileReference; explicitFileType = "compiled.mach-o.executable"; includeInIndex = 0; path = stop; sourceTree = BUILT_PRODUCTS_DIR; };
		70A065492874CEFB00F730D4 /* main.swift */ = {isa = PBXFileReference; lastKnownFileType = sourcecode.swift; path = main.swift; sourceTree = "<group>"; };
/* End PBXFileReference section */

/* Begin PBXFrameworksBuildPhase section */
		70A065432874CEFB00F730D4 /* Frameworks */ = {
			isa = PBXFrameworksBuildPhase;
			buildActionMask = 2147483647;
			files = (
			);
			runOnlyForDeploymentPostprocessing = 0;
		};
/* End PBXFrameworksBuildPhase section */

/* Begin PBXGroup section */
		705EAB312C64EBB000BE7DE1 /* LeetCode */ = {
			isa = PBXGroup;
			children = (
				705EAAB02C64EBB000BE7DE1 /* 1_two_sum.swift */,
				705EAAB12C64EBB000BE7DE1 /* 2_add_two_numbers.swift */,
				705EAAB22C64EBB000BE7DE1 /* 3_longest_substring.swift */,
				705EAAB32C64EBB000BE7DE1 /* 11_container_wth_most_water.swift */,
				705EAAB42C64EBB000BE7DE1 /* 13_roman_to_int.swift */,
				705EAAB52C64EBB000BE7DE1 /* 14_trie_tree.swift */,
				705EAAB62C64EBB000BE7DE1 /* 15_3_sum.swift */,
				705EAAB72C64EBB000BE7DE1 /* 19_remove_n_node_from_the_end.swift */,
				705EAAB82C64EBB000BE7DE1 /* 20_valid_parentheses.swift */,
				705EAAB92C64EBB000BE7DE1 /* 21_merge_two_sorted_linked_list.swift */,
				705EAABA2C64EBB000BE7DE1 /* 22_generate_parentheses.swift */,
				705EAABB2C64EBB000BE7DE1 /* 23_merge_k_sorted_linked_list.swift */,
				705EAABC2C64EBB000BE7DE1 /* 25_reverse_nodes_in_k_group.swift */,
				705EAABD2C64EBB000BE7DE1 /* 33_search_in_rotated_sorted_array.swift */,
				705EAABE2C64EBB000BE7DE1 /* 34_positions_in_sorted_array.swift */,
				705EAABF2C64EBB000BE7DE1 /* 36_valid_sudoku.swift */,
				705EAAC02C64EBB000BE7DE1 /* 42_trapping_raining_water.swift */,
				705EAAC12C64EBB000BE7DE1 /* 49_group_anagram.swift */,
				705EAAC22C64EBB000BE7DE1 /* 55_jump_game.swift */,
				705EAAC32C64EBB000BE7DE1 /* 56_merge_interval.swift */,
				705EAAC42C64EBB000BE7DE1 /* 57_insert_interval.swift */,
				705EAAC52C64EBB000BE7DE1 /* 62_unique_path.swift */,
				705EAAC62C64EBB000BE7DE1 /* 69_sqrt.swift */,
				705EAAC72C64EBB000BE7DE1 /* 70_climbing_stairs.swift */,
				705EAAC82C64EBB000BE7DE1 /* 74_search_in_2d_matrix.swift */,
				705EAAC92C64EBB000BE7DE1 /* 76_minimum_window_substring.swift */,
				705EAACA2C64EBB000BE7DE1 /* 84_largest_rectangle.swift */,
				705EAACB2C64EBB000BE7DE1 /* 92_reversed_linked_list_2.swift */,
				705EAACC2C64EBB000BE7DE1 /* 98_valid_tree.swift */,
				705EAACD2C64EBB000BE7DE1 /* 100_same_tree.swift */,
				705EAACE2C64EBB000BE7DE1 /* 102_binary_tree_level_traversal.swift */,
				705EAACF2C64EBB000BE7DE1 /* 104_max_depth_of_binary.swift */,
				705EAAD02C64EBB000BE7DE1 /* 105_construct_binary_tree.swift */,
				705EAAD12C64EBB000BE7DE1 /* 108_balanced_binary_search_tree.swift */,
				705EAAD22C64EBB000BE7DE1 /* 118_pascal_triangle.swift */,
				705EAAD32C64EBB000BE7DE1 /* 121_sell_and_buy_stocks.swift */,
				705EAAD42C64EBB000BE7DE1 /* 124_binary_tree_maximum_path.swift */,
				705EAAD52C64EBB000BE7DE1 /* 125_valid_palindrome.swift */,
				705EAAD62C64EBB000BE7DE1 /* 128_longest_sequense.swift */,
				705EAAD72C64EBB000BE7DE1 /* 134_gas_Station.swift */,
				705EAAD82C64EBB000BE7DE1 /* 135_candy.swift */,
				705EAAD92C64EBB000BE7DE1 /* 138_copy_list_with_random_pointer.swift */,
				705EAADA2C64EBB000BE7DE1 /* 141_linked_list_cycle.swift */,
				705EAADB2C64EBB000BE7DE1 /* 142_linked_list_cycle_2.swift */,
				705EAADC2C64EBB000BE7DE1 /* 143_reorder_list.swift */,
				705EAADD2C64EBB000BE7DE1 /* 144_binary_tree_preorder_traversal.swift */,
				705EAADE2C64EBB000BE7DE1 /* 146_lru_cache.swift */,
				705EAADF2C64EBB000BE7DE1 /* 150_evaluate_reverse_polish_notation.swift */,
				705EAAE02C64EBB000BE7DE1 /* 153_find_min_in_rotated_sorted_array.swift */,
				705EAAE12C64EBB000BE7DE1 /* 155_min_stack.swift */,
				705EAAE22C64EBB000BE7DE1 /* 167_two_sum_2.swift */,
				705EAAE32C64EBB000BE7DE1 /* 198_house_robber.swift */,
				705EAAE42C64EBB000BE7DE1 /* 206_reversed_linked_list.swift */,
				705EAAE52C64EBB000BE7DE1 /* 217_contains_duplicates.swift */,
				705EAAE62C64EBB000BE7DE1 /* 226_invert_binary_tree.swift */,
				705EAAE72C64EBB000BE7DE1 /* 229_majority_element.swift */,
				705EAAE82C64EBB000BE7DE1 /* 230_kth_smaller_element_in_bst.swift */,
				705EAAE92C64EBB000BE7DE1 /* 232_implement_queue_using_stacks.swift */,
				705EAAEA2C64EBB000BE7DE1 /* 234_palindrome_linked_list.swift */,
				705EAAEB2C64EBB000BE7DE1 /* 235_Lowest Common Ancestor of a Binary Search Tree.swift */,
				705EAAEC2C64EBB000BE7DE1 /* 238_product_of_array_except_self.swift */,
				705EAAED2C64EBB000BE7DE1 /* 239_max_sliding_window.swift */,
				705EAAEE2C64EBB000BE7DE1 /* 242_anagram.swift */,
				705EAAEF2C64EBB000BE7DE1 /* 283_move_zeroes.swift */,
				705EAAF02C64EBB000BE7DE1 /* 287_find_duplicate.swift */,
				705EAAF12C64EBB000BE7DE1 /* 290_word_pattern.swift */,
				705EAAF22C64EBB000BE7DE1 /* 309_best_time_to_buy_and_sell_stock.swift */,
				705EAAF32C64EBB000BE7DE1 /* 316_remove_duplicate_letters.swift */,
				705EAAF42C64EBB000BE7DE1 /* 326_Power_of_Three.swift */,
				705EAAF52C64EBB000BE7DE1 /* 328_Odd_Even_Linked_List.swift */,
				705EAAF62C64EBB000BE7DE1 /* 342_power_of_four.swift */,
				705EAAF72C64EBB000BE7DE1 /* 343_integer_break.swift */,
				705EAAF82C64EBB000BE7DE1 /* 347_top_k_frequent_elements.swift */,
				705EAAF92C64EBB000BE7DE1 /* 377_combination_sum.swift */,
				705EAAFA2C64EBB000BE7DE1 /* 383_ransom_note.swift */,
				705EAAFB2C64EBB000BE7DE1 /* 387_unique_character.swift */,
				705EAAFC2C64EBB000BE7DE1 /* 389_find_difference.swift */,
				705EAAFD2C64EBB000BE7DE1 /* 392_is_subsequence.swift */,
				705EAAFE2C64EBB000BE7DE1 /* 412_fizz_buzz.swift */,
				705EAAFF2C64EBB000BE7DE1 /* 414_third_max_number.swift */,
				705EAB002C64EBB000BE7DE1 /* 424_longest_repeating_character.swift */,
				705EAB012C64EBB000BE7DE1 /* 448_find_all_numers_disappeared_in_array.swift */,
				705EAB022C64EBB000BE7DE1 /* 452_minimum_number_of_arrows.swift */,
				705EAB032C64EBB000BE7DE1 /* 520_detect_capital_letter.swift */,
				705EAB042C64EBB000BE7DE1 /* 557_reverse_words.swift */,
				705EAB052C64EBB000BE7DE1 /* 567_permutation_string.swift */,
				705EAB062C64EBB000BE7DE1 /* 572_subtree_of_another_tree.swift */,
				705EAB072C64EBB000BE7DE1 /* 704_binary_search.swift */,
				705EAB082C64EBB000BE7DE1 /* 706_hashmap.swift */,
				705EAB092C64EBB000BE7DE1 /* 725_split_linked_list.swift */,
				705EAB0A2C64EBB000BE7DE1 /* 729_stattree.swift */,
				705EAB0B2C64EBB000BE7DE1 /* 739_daily_temperature.swift */,
				705EAB0C2C64EBB000BE7DE1 /* 746_climbing_stairs.swift */,
				705EAB0D2C64EBB000BE7DE1 /* 804_transform.swift */,
				705EAB0E2C64EBB000BE7DE1 /* 815_bus_route.swift */,
				705EAB0F2C64EBB000BE7DE1 /* 841_keys_and_rooms.swift */,
				705EAB102C64EBB000BE7DE1 /* 853_car_fleet.swift */,
				705EAB112C64EBB000BE7DE1 /* 858_mirror.swift */,
				705EAB122C64EBB000BE7DE1 /* 872_leaf-similar-tree.swift */,
				705EAB132C64EBB000BE7DE1 /* 875_koko_eating_banana.swift */,
				705EAB142C64EBB000BE7DE1 /* 876_middle_of_linked_list.swift */,
				705EAB152C64EBB000BE7DE1 /* 880_decode_String.swift */,
				705EAB162C64EBB000BE7DE1 /* 896_monotonic_array.swift */,
				705EAB172C64EBB000BE7DE1 /* 931_minimum_failing_path_sum.swift */,
				705EAB182C64EBB000BE7DE1 /* 938_range_sum_of_BST.swift */,
				705EAB192C64EBB000BE7DE1 /* 944_delete_columns_to_make_sorted.swift */,
				705EAB1A2C64EBB000BE7DE1 /* 977_squares_sorted_array.swift */,
				705EAB1B2C64EBB000BE7DE1 /* 981_time_based_key_value_store.swift */,
				705EAB1C2C64EBB000BE7DE1 /* 1026_max_difference_node_and_ancestor.swift */,
				705EAB1D2C64EBB000BE7DE1 /* 1048_longest_string_chain.swift */,
				705EAB1E2C64EBB000BE7DE1 /* 1143_longest_common_subsequence.swift */,
				705EAB1F2C64EBB000BE7DE1 /* 1268_search_suggestion_system.swift */,
				705EAB202C64EBB000BE7DE1 /* 1282_group_people.swift */,
				705EAB212C64EBB000BE7DE1 /* 1337_k_weakest_row.swift */,
				705EAB222C64EBB000BE7DE1 /* 1339_max_product_split_binary_Tree.swift */,
				705EAB232C64EBB000BE7DE1 /* 1342_number_of_steps.swift */,
				705EAB242C64EBB000BE7DE1 /* 1359_count_all_pick_delivery_options.swift */,
				705EAB252C64EBB000BE7DE1 /* 1480_running_sum.swift */,
				705EAB262C64EBB000BE7DE1 /* 1647_minimum_dletions.swift */,
				705EAB272C64EBB000BE7DE1 /* 1658_minimum_operations.swift */,
				705EAB282C64EBB000BE7DE1 /* 1791_find_center_of_graph.swift */,
				705EAB292C64EBB000BE7DE1 /* 1834_max_ice_cream.swift */,
				705EAB2A2C64EBB000BE7DE1 /* 1962_remove_stones.swift */,
				705EAB2B2C64EBB000BE7DE1 /* 2009_minimum_number_of_operations.swift */,
				705EAB2C2C64EBB000BE7DE1 /* 2038_remove_colored_letter.swift */,
				705EAB2D2C64EBB000BE7DE1 /* 2244_minimum_rounds.swift */,
				705EAB2E2C64EBB000BE7DE1 /* 2279_max_bags_full_rocks.swift */,
				705EAB2F2C64EBB000BE7DE1 /* 2389_longest_sub_with_limited_sum.swift */,
				705EAB302C64EBB000BE7DE1 /* 2707_extra_character_in_string.swift */,
			);
			path = LeetCode;
			sourceTree = "<group>";
		};
		70A0653D2874CEFB00F730D4 = {
			isa = PBXGroup;
			children = (
				70A065482874CEFB00F730D4 /* stop */,
				70A065472874CEFB00F730D4 /* Products */,
			);
			sourceTree = "<group>";
		};
		70A065472874CEFB00F730D4 /* Products */ = {
			isa = PBXGroup;
			children = (
				70A065462874CEFB00F730D4 /* stop */,
			);
			name = Products;
			sourceTree = "<group>";
		};
		70A065482874CEFB00F730D4 /* stop */ = {
			isa = PBXGroup;
			children = (
				705EAB312C64EBB000BE7DE1 /* LeetCode */,
				70AB9D38293F87610052162C /* Main */,
			);
			path = stop;
			sourceTree = "<group>";
		};
		70AB9D38293F87610052162C /* Main */ = {
			isa = PBXGroup;
			children = (
				70A065492874CEFB00F730D4 /* main.swift */,
			);
			path = Main;
			sourceTree = "<group>";
		};
/* End PBXGroup section */

/* Begin PBXNativeTarget section */
		70A065452874CEFB00F730D4 /* stop */ = {
			isa = PBXNativeTarget;
			buildConfigurationList = 70A0654D2874CEFB00F730D4 /* Build configuration list for PBXNativeTarget "stop" */;
			buildPhases = (
				70A065422874CEFB00F730D4 /* Sources */,
				70A065432874CEFB00F730D4 /* Frameworks */,
				70A065442874CEFB00F730D4 /* CopyFiles */,
			);
			buildRules = (
			);
			dependencies = (
			);
			name = stop;
			productName = stop;
			productReference = 70A065462874CEFB00F730D4 /* stop */;
			productType = "com.apple.product-type.tool";
		};
/* End PBXNativeTarget section */

/* Begin PBXProject section */
		70A0653E2874CEFB00F730D4 /* Project object */ = {
			isa = PBXProject;
			attributes = {
				BuildIndependentTargetsInParallel = 1;
				LastSwiftUpdateCheck = 1340;
				LastUpgradeCheck = 1430;
				TargetAttributes = {
					70A065452874CEFB00F730D4 = {
						CreatedOnToolsVersion = 13.4.1;
					};
				};
			};
			buildConfigurationList = 70A065412874CEFB00F730D4 /* Build configuration list for PBXProject "stop" */;
			compatibilityVersion = "Xcode 13.0";
			developmentRegion = en;
			hasScannedForEncodings = 0;
			knownRegions = (
				en,
				Base,
			);
			mainGroup = 70A0653D2874CEFB00F730D4;
			productRefGroup = 70A065472874CEFB00F730D4 /* Products */;
			projectDirPath = "";
			projectRoot = "";
			targets = (
				70A065452874CEFB00F730D4 /* stop */,
			);
		};
/* End PBXProject section */

/* Begin PBXSourcesBuildPhase section */
		70A065422874CEFB00F730D4 /* Sources */ = {
			isa = PBXSourcesBuildPhase;
			buildActionMask = 2147483647;
			files = (
				705EAB482C64EBB000BE7DE1 /* 69_sqrt.swift in Sources */,
				705EABB02C64EBB000BE7DE1 /* 2279_max_bags_full_rocks.swift in Sources */,
				705EAB522C64EBB000BE7DE1 /* 105_construct_binary_tree.swift in Sources */,
				705EAB882C64EBB000BE7DE1 /* 572_subtree_of_another_tree.swift in Sources */,
				705EAB902C64EBB000BE7DE1 /* 815_bus_route.swift in Sources */,
				705EAB6D2C64EBB000BE7DE1 /* 235_Lowest Common Ancestor of a Binary Search Tree.swift in Sources */,
				705EABAC2C64EBB000BE7DE1 /* 1962_remove_stones.swift in Sources */,
				705EAB8F2C64EBB000BE7DE1 /* 804_transform.swift in Sources */,
				705EAB322C64EBB000BE7DE1 /* 1_two_sum.swift in Sources */,
				705EAB682C64EBB000BE7DE1 /* 226_invert_binary_tree.swift in Sources */,
				705EAB8E2C64EBB000BE7DE1 /* 746_climbing_stairs.swift in Sources */,
				705EAB6F2C64EBB000BE7DE1 /* 239_max_sliding_window.swift in Sources */,
				70A0654A2874CEFB00F730D4 /* main.swift in Sources */,
				705EAB5C2C64EBB000BE7DE1 /* 141_linked_list_cycle.swift in Sources */,
				705EAB3F2C64EBB000BE7DE1 /* 33_search_in_rotated_sorted_array.swift in Sources */,
				705EAB942C64EBB000BE7DE1 /* 872_leaf-similar-tree.swift in Sources */,
				705EAB642C64EBB000BE7DE1 /* 167_two_sum_2.swift in Sources */,
				705EAB632C64EBB000BE7DE1 /* 155_min_stack.swift in Sources */,
				705EABA92C64EBB000BE7DE1 /* 1658_minimum_operations.swift in Sources */,
				705EAB3E2C64EBB000BE7DE1 /* 25_reverse_nodes_in_k_group.swift in Sources */,
				705EAB492C64EBB000BE7DE1 /* 70_climbing_stairs.swift in Sources */,
				705EAB8C2C64EBB000BE7DE1 /* 729_stattree.swift in Sources */,
				705EAB8D2C64EBB000BE7DE1 /* 739_daily_temperature.swift in Sources */,
				705EAB8A2C64EBB000BE7DE1 /* 706_hashmap.swift in Sources */,
				705EAB352C64EBB000BE7DE1 /* 11_container_wth_most_water.swift in Sources */,
				705EAB7C2C64EBB000BE7DE1 /* 383_ransom_note.swift in Sources */,
				705EAB622C64EBB000BE7DE1 /* 153_find_min_in_rotated_sorted_array.swift in Sources */,
				705EAB912C64EBB000BE7DE1 /* 841_keys_and_rooms.swift in Sources */,
				705EAB9D2C64EBB000BE7DE1 /* 981_time_based_key_value_store.swift in Sources */,
				705EAB552C64EBB000BE7DE1 /* 121_sell_and_buy_stocks.swift in Sources */,
				705EABA62C64EBB000BE7DE1 /* 1359_count_all_pick_delivery_options.swift in Sources */,
				705EAB832C64EBB000BE7DE1 /* 448_find_all_numers_disappeared_in_array.swift in Sources */,
				705EAB722C64EBB000BE7DE1 /* 287_find_duplicate.swift in Sources */,
				705EAB7B2C64EBB000BE7DE1 /* 377_combination_sum.swift in Sources */,
				705EAB9A2C64EBB000BE7DE1 /* 938_range_sum_of_BST.swift in Sources */,
				705EAB9E2C64EBB000BE7DE1 /* 1026_max_difference_node_and_ancestor.swift in Sources */,
				705EAB7F2C64EBB000BE7DE1 /* 392_is_subsequence.swift in Sources */,
				705EAB982C64EBB000BE7DE1 /* 896_monotonic_array.swift in Sources */,
				705EAB662C64EBB000BE7DE1 /* 206_reversed_linked_list.swift in Sources */,
				705EAB422C64EBB000BE7DE1 /* 42_trapping_raining_water.swift in Sources */,
				705EAB392C64EBB000BE7DE1 /* 19_remove_n_node_from_the_end.swift in Sources */,
				705EAB5B2C64EBB000BE7DE1 /* 138_copy_list_with_random_pointer.swift in Sources */,
				705EAB4E2C64EBB000BE7DE1 /* 98_valid_tree.swift in Sources */,
				705EAB5D2C64EBB000BE7DE1 /* 142_linked_list_cycle_2.swift in Sources */,
				705EABAD2C64EBB000BE7DE1 /* 2009_minimum_number_of_operations.swift in Sources */,
				705EAB8B2C64EBB000BE7DE1 /* 725_split_linked_list.swift in Sources */,
				705EAB712C64EBB000BE7DE1 /* 283_move_zeroes.swift in Sources */,
				705EAB932C64EBB000BE7DE1 /* 858_mirror.swift in Sources */,
				705EAB9C2C64EBB000BE7DE1 /* 977_squares_sorted_array.swift in Sources */,
				705EAB992C64EBB000BE7DE1 /* 931_minimum_failing_path_sum.swift in Sources */,
				705EAB612C64EBB000BE7DE1 /* 150_evaluate_reverse_polish_notation.swift in Sources */,
				705EAB892C64EBB000BE7DE1 /* 704_binary_search.swift in Sources */,
				705EAB432C64EBB000BE7DE1 /* 49_group_anagram.swift in Sources */,
				705EAB342C64EBB000BE7DE1 /* 3_longest_substring.swift in Sources */,
				705EAB772C64EBB000BE7DE1 /* 328_Odd_Even_Linked_List.swift in Sources */,
				705EAB7E2C64EBB000BE7DE1 /* 389_find_difference.swift in Sources */,
				705EABAB2C64EBB000BE7DE1 /* 1834_max_ice_cream.swift in Sources */,
				705EAB692C64EBB000BE7DE1 /* 229_majority_element.swift in Sources */,
				705EAB3B2C64EBB000BE7DE1 /* 21_merge_two_sorted_linked_list.swift in Sources */,
				705EAB362C64EBB000BE7DE1 /* 13_roman_to_int.swift in Sources */,
				705EAB6A2C64EBB000BE7DE1 /* 230_kth_smaller_element_in_bst.swift in Sources */,
				705EAB7D2C64EBB000BE7DE1 /* 387_unique_character.swift in Sources */,
				705EAB442C64EBB000BE7DE1 /* 55_jump_game.swift in Sources */,
				705EAB4A2C64EBB000BE7DE1 /* 74_search_in_2d_matrix.swift in Sources */,
				705EAB9F2C64EBB000BE7DE1 /* 1048_longest_string_chain.swift in Sources */,
				705EAB842C64EBB000BE7DE1 /* 452_minimum_number_of_arrows.swift in Sources */,
				705EAB562C64EBB000BE7DE1 /* 124_binary_tree_maximum_path.swift in Sources */,
				705EAB6C2C64EBB000BE7DE1 /* 234_palindrome_linked_list.swift in Sources */,
				705EAB732C64EBB000BE7DE1 /* 290_word_pattern.swift in Sources */,
				705EAB502C64EBB000BE7DE1 /* 102_binary_tree_level_traversal.swift in Sources */,
				705EAB3C2C64EBB000BE7DE1 /* 22_generate_parentheses.swift in Sources */,
				705EAB572C64EBB000BE7DE1 /* 125_valid_palindrome.swift in Sources */,
				705EAB6E2C64EBB000BE7DE1 /* 238_product_of_array_except_self.swift in Sources */,
				705EAB382C64EBB000BE7DE1 /* 15_3_sum.swift in Sources */,
				705EAB652C64EBB000BE7DE1 /* 198_house_robber.swift in Sources */,
				705EAB452C64EBB000BE7DE1 /* 56_merge_interval.swift in Sources */,
				705EAB802C64EBB000BE7DE1 /* 412_fizz_buzz.swift in Sources */,
				705EAB752C64EBB000BE7DE1 /* 316_remove_duplicate_letters.swift in Sources */,
				705EAB4C2C64EBB000BE7DE1 /* 84_largest_rectangle.swift in Sources */,
				705EAB402C64EBB000BE7DE1 /* 34_positions_in_sorted_array.swift in Sources */,
				705EAB4B2C64EBB000BE7DE1 /* 76_minimum_window_substring.swift in Sources */,
				705EABA82C64EBB000BE7DE1 /* 1647_minimum_dletions.swift in Sources */,
				705EAB792C64EBB000BE7DE1 /* 343_integer_break.swift in Sources */,
				705EAB602C64EBB000BE7DE1 /* 146_lru_cache.swift in Sources */,
				705EAB582C64EBB000BE7DE1 /* 128_longest_sequense.swift in Sources */,
				705EAB762C64EBB000BE7DE1 /* 326_Power_of_Three.swift in Sources */,
				705EABA32C64EBB000BE7DE1 /* 1337_k_weakest_row.swift in Sources */,
				705EAB3D2C64EBB000BE7DE1 /* 23_merge_k_sorted_linked_list.swift in Sources */,
				705EAB4F2C64EBB000BE7DE1 /* 100_same_tree.swift in Sources */,
				705EAB812C64EBB000BE7DE1 /* 414_third_max_number.swift in Sources */,
				705EAB542C64EBB000BE7DE1 /* 118_pascal_triangle.swift in Sources */,
				705EAB332C64EBB000BE7DE1 /* 2_add_two_numbers.swift in Sources */,
				705EABB12C64EBB000BE7DE1 /* 2389_longest_sub_with_limited_sum.swift in Sources */,
				705EAB742C64EBB000BE7DE1 /* 309_best_time_to_buy_and_sell_stock.swift in Sources */,
				705EABB22C64EBB000BE7DE1 /* 2707_extra_character_in_string.swift in Sources */,
				705EAB7A2C64EBB000BE7DE1 /* 347_top_k_frequent_elements.swift in Sources */,
				705EAB6B2C64EBB000BE7DE1 /* 232_implement_queue_using_stacks.swift in Sources */,
				705EAB672C64EBB000BE7DE1 /* 217_contains_duplicates.swift in Sources */,
				705EABA12C64EBB000BE7DE1 /* 1268_search_suggestion_system.swift in Sources */,
				705EAB972C64EBB000BE7DE1 /* 880_decode_String.swift in Sources */,
				705EAB372C64EBB000BE7DE1 /* 14_trie_tree.swift in Sources */,
				705EAB3A2C64EBB000BE7DE1 /* 20_valid_parentheses.swift in Sources */,
				705EAB822C64EBB000BE7DE1 /* 424_longest_repeating_character.swift in Sources */,
				705EAB592C64EBB000BE7DE1 /* 134_gas_Station.swift in Sources */,
				705EAB5F2C64EBB000BE7DE1 /* 144_binary_tree_preorder_traversal.swift in Sources */,
				705EAB782C64EBB000BE7DE1 /* 342_power_of_four.swift in Sources */,
				705EAB5A2C64EBB000BE7DE1 /* 135_candy.swift in Sources */,
				705EAB872C64EBB000BE7DE1 /* 567_permutation_string.swift in Sources */,
				705EABAF2C64EBB000BE7DE1 /* 2244_minimum_rounds.swift in Sources */,
				705EAB852C64EBB000BE7DE1 /* 520_detect_capital_letter.swift in Sources */,
				705EAB412C64EBB000BE7DE1 /* 36_valid_sudoku.swift in Sources */,
				705EAB9B2C64EBB000BE7DE1 /* 944_delete_columns_to_make_sorted.swift in Sources */,
				705EAB4D2C64EBB000BE7DE1 /* 92_reversed_linked_list_2.swift in Sources */,
				705EAB922C64EBB000BE7DE1 /* 853_car_fleet.swift in Sources */,
				705EAB702C64EBB000BE7DE1 /* 242_anagram.swift in Sources */,
				705EAB462C64EBB000BE7DE1 /* 57_insert_interval.swift in Sources */,
				705EAB5E2C64EBB000BE7DE1 /* 143_reorder_list.swift in Sources */,
				705EAB962C64EBB000BE7DE1 /* 876_middle_of_linked_list.swift in Sources */,
				705EAB862C64EBB000BE7DE1 /* 557_reverse_words.swift in Sources */,
				705EAB532C64EBB000BE7DE1 /* 108_balanced_binary_search_tree.swift in Sources */,
				705EABAE2C64EBB000BE7DE1 /* 2038_remove_colored_letter.swift in Sources */,
				705EABA42C64EBB000BE7DE1 /* 1339_max_product_split_binary_Tree.swift in Sources */,
				705EAB512C64EBB000BE7DE1 /* 104_max_depth_of_binary.swift in Sources */,
				705EAB472C64EBB000BE7DE1 /* 62_unique_path.swift in Sources */,
				705EABA52C64EBB000BE7DE1 /* 1342_number_of_steps.swift in Sources */,
				705EABA02C64EBB000BE7DE1 /* 1143_longest_common_subsequence.swift in Sources */,
				705EABA72C64EBB000BE7DE1 /* 1480_running_sum.swift in Sources */,
				705EAB952C64EBB000BE7DE1 /* 875_koko_eating_banana.swift in Sources */,
				705EABA22C64EBB000BE7DE1 /* 1282_group_people.swift in Sources */,
				705EABAA2C64EBB000BE7DE1 /* 1791_find_center_of_graph.swift in Sources */,
			);
			runOnlyForDeploymentPostprocessing = 0;
		};
/* End PBXSourcesBuildPhase section */

/* Begin XCBuildConfiguration section */
		70A0654B2874CEFB00F730D4 /* Debug */ = {
			isa = XCBuildConfiguration;
			buildSettings = {
				ALWAYS_SEARCH_USER_PATHS = NO;
				CLANG_ANALYZER_NONNULL = YES;
				CLANG_ANALYZER_NUMBER_OBJECT_CONVERSION = YES_AGGRESSIVE;
				CLANG_CXX_LANGUAGE_STANDARD = "gnu++17";
				CLANG_ENABLE_MODULES = YES;
				CLANG_ENABLE_OBJC_ARC = YES;
				CLANG_ENABLE_OBJC_WEAK = YES;
				CLANG_WARN_BLOCK_CAPTURE_AUTORELEASING = YES;
				CLANG_WARN_BOOL_CONVERSION = YES;
				CLANG_WARN_COMMA = YES;
				CLANG_WARN_CONSTANT_CONVERSION = YES;
				CLANG_WARN_DEPRECATED_OBJC_IMPLEMENTATIONS = YES;
				CLANG_WARN_DIRECT_OBJC_ISA_USAGE = YES_ERROR;
				CLANG_WARN_DOCUMENTATION_COMMENTS = YES;
				CLANG_WARN_EMPTY_BODY = YES;
				CLANG_WARN_ENUM_CONVERSION = YES;
				CLANG_WARN_INFINITE_RECURSION = YES;
				CLANG_WARN_INT_CONVERSION = YES;
				CLANG_WARN_NON_LITERAL_NULL_CONVERSION = YES;
				CLANG_WARN_OBJC_IMPLICIT_RETAIN_SELF = YES;
				CLANG_WARN_OBJC_LITERAL_CONVERSION = YES;
				CLANG_WARN_OBJC_ROOT_CLASS = YES_ERROR;
				CLANG_WARN_QUOTED_INCLUDE_IN_FRAMEWORK_HEADER = YES;
				CLANG_WARN_RANGE_LOOP_ANALYSIS = YES;
				CLANG_WARN_STRICT_PROTOTYPES = YES;
				CLANG_WARN_SUSPICIOUS_MOVE = YES;
				CLANG_WARN_UNGUARDED_AVAILABILITY = YES_AGGRESSIVE;
				CLANG_WARN_UNREACHABLE_CODE = YES;
				CLANG_WARN__DUPLICATE_METHOD_MATCH = YES;
				COPY_PHASE_STRIP = NO;
				DEAD_CODE_STRIPPING = YES;
				DEBUG_INFORMATION_FORMAT = dwarf;
				ENABLE_STRICT_OBJC_MSGSEND = YES;
				ENABLE_TESTABILITY = YES;
				GCC_C_LANGUAGE_STANDARD = gnu11;
				GCC_DYNAMIC_NO_PIC = NO;
				GCC_NO_COMMON_BLOCKS = YES;
				GCC_OPTIMIZATION_LEVEL = 0;
				GCC_PREPROCESSOR_DEFINITIONS = (
					"DEBUG=1",
					"$(inherited)",
				);
				GCC_WARN_64_TO_32_BIT_CONVERSION = YES;
				GCC_WARN_ABOUT_RETURN_TYPE = YES_ERROR;
				GCC_WARN_UNDECLARED_SELECTOR = YES;
				GCC_WARN_UNINITIALIZED_AUTOS = YES_AGGRESSIVE;
				GCC_WARN_UNUSED_FUNCTION = YES;
				GCC_WARN_UNUSED_VARIABLE = YES;
				MACOSX_DEPLOYMENT_TARGET = 12.3;
				MTL_ENABLE_DEBUG_INFO = INCLUDE_SOURCE;
				MTL_FAST_MATH = YES;
				ONLY_ACTIVE_ARCH = YES;
				SDKROOT = macosx;
				SWIFT_ACTIVE_COMPILATION_CONDITIONS = DEBUG;
				SWIFT_OPTIMIZATION_LEVEL = "-Onone";
			};
			name = Debug;
		};
		70A0654C2874CEFB00F730D4 /* Release */ = {
			isa = XCBuildConfiguration;
			buildSettings = {
				ALWAYS_SEARCH_USER_PATHS = NO;
				CLANG_ANALYZER_NONNULL = YES;
				CLANG_ANALYZER_NUMBER_OBJECT_CONVERSION = YES_AGGRESSIVE;
				CLANG_CXX_LANGUAGE_STANDARD = "gnu++17";
				CLANG_ENABLE_MODULES = YES;
				CLANG_ENABLE_OBJC_ARC = YES;
				CLANG_ENABLE_OBJC_WEAK = YES;
				CLANG_WARN_BLOCK_CAPTURE_AUTORELEASING = YES;
				CLANG_WARN_BOOL_CONVERSION = YES;
				CLANG_WARN_COMMA = YES;
				CLANG_WARN_CONSTANT_CONVERSION = YES;
				CLANG_WARN_DEPRECATED_OBJC_IMPLEMENTATIONS = YES;
				CLANG_WARN_DIRECT_OBJC_ISA_USAGE = YES_ERROR;
				CLANG_WARN_DOCUMENTATION_COMMENTS = YES;
				CLANG_WARN_EMPTY_BODY = YES;
				CLANG_WARN_ENUM_CONVERSION = YES;
				CLANG_WARN_INFINITE_RECURSION = YES;
				CLANG_WARN_INT_CONVERSION = YES;
				CLANG_WARN_NON_LITERAL_NULL_CONVERSION = YES;
				CLANG_WARN_OBJC_IMPLICIT_RETAIN_SELF = YES;
				CLANG_WARN_OBJC_LITERAL_CONVERSION = YES;
				CLANG_WARN_OBJC_ROOT_CLASS = YES_ERROR;
				CLANG_WARN_QUOTED_INCLUDE_IN_FRAMEWORK_HEADER = YES;
				CLANG_WARN_RANGE_LOOP_ANALYSIS = YES;
				CLANG_WARN_STRICT_PROTOTYPES = YES;
				CLANG_WARN_SUSPICIOUS_MOVE = YES;
				CLANG_WARN_UNGUARDED_AVAILABILITY = YES_AGGRESSIVE;
				CLANG_WARN_UNREACHABLE_CODE = YES;
				CLANG_WARN__DUPLICATE_METHOD_MATCH = YES;
				COPY_PHASE_STRIP = NO;
				DEAD_CODE_STRIPPING = YES;
				DEBUG_INFORMATION_FORMAT = "dwarf-with-dsym";
				ENABLE_NS_ASSERTIONS = NO;
				ENABLE_STRICT_OBJC_MSGSEND = YES;
				GCC_C_LANGUAGE_STANDARD = gnu11;
				GCC_NO_COMMON_BLOCKS = YES;
				GCC_WARN_64_TO_32_BIT_CONVERSION = YES;
				GCC_WARN_ABOUT_RETURN_TYPE = YES_ERROR;
				GCC_WARN_UNDECLARED_SELECTOR = YES;
				GCC_WARN_UNINITIALIZED_AUTOS = YES_AGGRESSIVE;
				GCC_WARN_UNUSED_FUNCTION = YES;
				GCC_WARN_UNUSED_VARIABLE = YES;
				MACOSX_DEPLOYMENT_TARGET = 12.3;
				MTL_ENABLE_DEBUG_INFO = NO;
				MTL_FAST_MATH = YES;
				SDKROOT = macosx;
				SWIFT_COMPILATION_MODE = wholemodule;
				SWIFT_OPTIMIZATION_LEVEL = "-O";
			};
			name = Release;
		};
		70A0654E2874CEFB00F730D4 /* Debug */ = {
			isa = XCBuildConfiguration;
			buildSettings = {
				"CODE_SIGN_IDENTITY[sdk=macosx*]" = "-";
				CODE_SIGN_STYLE = Automatic;
				DEAD_CODE_STRIPPING = YES;
				DEVELOPMENT_TEAM = B7GV2JGDQ9;
				ENABLE_HARDENED_RUNTIME = YES;
				PRODUCT_NAME = "$(TARGET_NAME)";
				SWIFT_VERSION = 5.0;
			};
			name = Debug;
		};
		70A0654F2874CEFB00F730D4 /* Release */ = {
			isa = XCBuildConfiguration;
			buildSettings = {
				"CODE_SIGN_IDENTITY[sdk=macosx*]" = "-";
				CODE_SIGN_STYLE = Automatic;
				DEAD_CODE_STRIPPING = YES;
				DEVELOPMENT_TEAM = B7GV2JGDQ9;
				ENABLE_HARDENED_RUNTIME = YES;
				PRODUCT_NAME = "$(TARGET_NAME)";
				SWIFT_VERSION = 5.0;
			};
			name = Release;
		};
/* End XCBuildConfiguration section */

/* Begin XCConfigurationList section */
		70A065412874CEFB00F730D4 /* Build configuration list for PBXProject "stop" */ = {
			isa = XCConfigurationList;
			buildConfigurations = (
				70A0654B2874CEFB00F730D4 /* Debug */,
				70A0654C2874CEFB00F730D4 /* Release */,
			);
			defaultConfigurationIsVisible = 0;
			defaultConfigurationName = Release;
		};
		70A0654D2874CEFB00F730D4 /* Build configuration list for PBXNativeTarget "stop" */ = {
			isa = XCConfigurationList;
			buildConfigurations = (
				70A0654E2874CEFB00F730D4 /* Debug */,
				70A0654F2874CEFB00F730D4 /* Release */,
			);
			defaultConfigurationIsVisible = 0;
			defaultConfigurationName = Release;
		};
/* End XCConfigurationList section */
	};
	rootObject = 70A0653E2874CEFB00F730D4 /* Project object */;
}
